
Microsoft Visual Studio Solution File, Format Version 12.00
# Visual Studio 15
VisualStudioVersion = 15.0.28010.2050
MinimumVisualStudioVersion = 10.0.40219.1
Project("{9A19103F-16F7-4668-BE54-9A1E7A4F7556}") = "Boggle.Shared", "Boggle.Shared\Boggle.Shared.csproj", "{949A1626-9A88-446B-A50E-A875BDD955B8}"
EndProject
Project("{FAE04EC0-301F-11D3-BF4B-00C04F79EFBC}") = "Boggle.WPF", "Boggle.WPF\Boggle.WPF.csproj", "{99567D72-EAC9-44D1-AB27-75A2459F87C0}"
EndProject
Project("{9A19103F-16F7-4668-BE54-9A1E7A4F7556}") = "Boggle.Ooui", "Boggle.Ooui\Boggle.Ooui.csproj", "{D07C21CE-321C-469E-9EC8-A1D4A5934481}"
EndProject
Project("{9A19103F-16F7-4668-BE54-9A1E7A4F7556}") = "Boggle.Avalonia", "Boggle.Avalonia\Boggle.Avalonia.csproj", "{96CC72DF-3763-44CF-9EB4-43913CDEDD2F}"
EndProject
Project("{9A19103F-16F7-4668-BE54-9A1E7A4F7556}") = "UnitTests", "UnitTests\UnitTests.csproj", "{67987C6E-0361-4652-80CA-DE1A32B229C5}"
EndProject
Project("{FAE04EC0-301F-11D3-BF4B-00C04F79EFBC}") = "Boggle.Android", "Boggle.Xamarin\Boggle.Android\Boggle.Android.csproj", "{7E7C8199-C422-4247-875C-F1A4D25EB327}"
EndProject
Project("{FAE04EC0-301F-11D3-BF4B-00C04F79EFBC}") = "Boggle.iOS", "Boggle.Xamarin\Boggle.iOS\Boggle.iOS.csproj", "{0F998B27-B865-4627-BDA3-A3E5EA1B32C0}"
EndProject
Project("{9A19103F-16F7-4668-BE54-9A1E7A4F7556}") = "Boggle", "Boggle.Xamarin\Boggle\Boggle.csproj", "{F658AD04-E9D4-41B0-9464-828F5D94EBB2}"
EndProject
Project("{FAE04EC0-301F-11D3-BF4B-00C04F79EFBC}") = "Boggle.UWP", "Boggle.UWP\Boggle.UWP.csproj", "{0BF6ADC4-F3E3-4D13-B3DE-71BA74FF4B68}"
EndProject
Global
	GlobalSection(SolutionConfigurationPlatforms) = preSolution
		Ad-Hoc|Any CPU = Ad-Hoc|Any CPU
		Ad-Hoc|ARM = Ad-Hoc|ARM
		Ad-Hoc|iPhone = Ad-Hoc|iPhone
		Ad-Hoc|iPhoneSimulator = Ad-Hoc|iPhoneSimulator
		Ad-Hoc|x64 = Ad-Hoc|x64
		Ad-Hoc|x86 = Ad-Hoc|x86
		AppStore|Any CPU = AppStore|Any CPU
		AppStore|ARM = AppStore|ARM
		AppStore|iPhone = AppStore|iPhone
		AppStore|iPhoneSimulator = AppStore|iPhoneSimulator
		AppStore|x64 = AppStore|x64
		AppStore|x86 = AppStore|x86
		Debug|Any CPU = Debug|Any CPU
		Debug|ARM = Debug|ARM
		Debug|iPhone = Debug|iPhone
		Debug|iPhoneSimulator = Debug|iPhoneSimulator
		Debug|x64 = Debug|x64
		Debug|x86 = Debug|x86
		Release|Any CPU = Release|Any CPU
		Release|ARM = Release|ARM
		Release|iPhone = Release|iPhone
		Release|iPhoneSimulator = Release|iPhoneSimulator
		Release|x64 = Release|x64
		Release|x86 = Release|x86
	EndGlobalSection
	GlobalSection(ProjectConfigurationPlatforms) = postSolution
		{949A1626-9A88-446B-A50E-A875BDD955B8}.Ad-Hoc|Any CPU.ActiveCfg = Debug|Any CPU
		{949A1626-9A88-446B-A50E-A875BDD955B8}.Ad-Hoc|Any CPU.Build.0 = Debug|Any CPU
		{949A1626-9A88-446B-A50E-A875BDD955B8}.Ad-Hoc|ARM.ActiveCfg = Debug|Any CPU
		{949A1626-9A88-446B-A50E-A875BDD955B8}.Ad-Hoc|ARM.Build.0 = Debug|Any CPU
		{949A1626-9A88-446B-A50E-A875BDD955B8}.Ad-Hoc|iPhone.ActiveCfg = Debug|Any CPU
		{949A1626-9A88-446B-A50E-A875BDD955B8}.Ad-Hoc|iPhone.Build.0 = Debug|Any CPU
		{949A1626-9A88-446B-A50E-A875BDD955B8}.Ad-Hoc|iPhoneSimulator.ActiveCfg = Debug|Any CPU
		{949A1626-9A88-446B-A50E-A875BDD955B8}.Ad-Hoc|iPhoneSimulator.Build.0 = Debug|Any CPU
		{949A1626-9A88-446B-A50E-A875BDD955B8}.Ad-Hoc|x64.ActiveCfg = Debug|Any CPU
		{949A1626-9A88-446B-A50E-A875BDD955B8}.Ad-Hoc|x64.Build.0 = Debug|Any CPU
		{949A1626-9A88-446B-A50E-A875BDD955B8}.Ad-Hoc|x86.ActiveCfg = Debug|Any CPU
		{949A1626-9A88-446B-A50E-A875BDD955B8}.Ad-Hoc|x86.Build.0 = Debug|Any CPU
		{949A1626-9A88-446B-A50E-A875BDD955B8}.AppStore|Any CPU.ActiveCfg = Debug|Any CPU
		{949A1626-9A88-446B-A50E-A875BDD955B8}.AppStore|Any CPU.Build.0 = Debug|Any CPU
		{949A1626-9A88-446B-A50E-A875BDD955B8}.AppStore|ARM.ActiveCfg = Debug|Any CPU
		{949A1626-9A88-446B-A50E-A875BDD955B8}.AppStore|ARM.Build.0 = Debug|Any CPU
		{949A1626-9A88-446B-A50E-A875BDD955B8}.AppStore|iPhone.ActiveCfg = Debug|Any CPU
		{949A1626-9A88-446B-A50E-A875BDD955B8}.AppStore|iPhone.Build.0 = Debug|Any CPU
		{949A1626-9A88-446B-A50E-A875BDD955B8}.AppStore|iPhoneSimulator.ActiveCfg = Debug|Any CPU
		{949A1626-9A88-446B-A50E-A875BDD955B8}.AppStore|iPhoneSimulator.Build.0 = Debug|Any CPU
		{949A1626-9A88-446B-A50E-A875BDD955B8}.AppStore|x64.ActiveCfg = Debug|Any CPU
		{949A1626-9A88-446B-A50E-A875BDD955B8}.AppStore|x64.Build.0 = Debug|Any CPU
		{949A1626-9A88-446B-A50E-A875BDD955B8}.AppStore|x86.ActiveCfg = Debug|Any CPU
		{949A1626-9A88-446B-A50E-A875BDD955B8}.AppStore|x86.Build.0 = Debug|Any CPU
		{949A1626-9A88-446B-A50E-A875BDD955B8}.Debug|Any CPU.ActiveCfg = Debug|Any CPU
		{949A1626-9A88-446B-A50E-A875BDD955B8}.Debug|Any CPU.Build.0 = Debug|Any CPU
		{949A1626-9A88-446B-A50E-A875BDD955B8}.Debug|ARM.ActiveCfg = Debug|Any CPU
		{949A1626-9A88-446B-A50E-A875BDD955B8}.Debug|ARM.Build.0 = Debug|Any CPU
		{949A1626-9A88-446B-A50E-A875BDD955B8}.Debug|iPhone.ActiveCfg = Debug|Any CPU
		{949A1626-9A88-446B-A50E-A875BDD955B8}.Debug|iPhone.Build.0 = Debug|Any CPU
		{949A1626-9A88-446B-A50E-A875BDD955B8}.Debug|iPhoneSimulator.ActiveCfg = Debug|Any CPU
		{949A1626-9A88-446B-A50E-A875BDD955B8}.Debug|iPhoneSimulator.Build.0 = Debug|Any CPU
		{949A1626-9A88-446B-A50E-A875BDD955B8}.Debug|x64.ActiveCfg = Debug|Any CPU
		{949A1626-9A88-446B-A50E-A875BDD955B8}.Debug|x64.Build.0 = Debug|Any CPU
		{949A1626-9A88-446B-A50E-A875BDD955B8}.Debug|x86.ActiveCfg = Debug|Any CPU
		{949A1626-9A88-446B-A50E-A875BDD955B8}.Debug|x86.Build.0 = Debug|Any CPU
		{949A1626-9A88-446B-A50E-A875BDD955B8}.Release|Any CPU.ActiveCfg = Release|Any CPU
		{949A1626-9A88-446B-A50E-A875BDD955B8}.Release|Any CPU.Build.0 = Release|Any CPU
		{949A1626-9A88-446B-A50E-A875BDD955B8}.Release|ARM.ActiveCfg = Release|Any CPU
		{949A1626-9A88-446B-A50E-A875BDD955B8}.Release|ARM.Build.0 = Release|Any CPU
		{949A1626-9A88-446B-A50E-A875BDD955B8}.Release|iPhone.ActiveCfg = Release|Any CPU
		{949A1626-9A88-446B-A50E-A875BDD955B8}.Release|iPhone.Build.0 = Release|Any CPU
		{949A1626-9A88-446B-A50E-A875BDD955B8}.Release|iPhoneSimulator.ActiveCfg = Release|Any CPU
		{949A1626-9A88-446B-A50E-A875BDD955B8}.Release|iPhoneSimulator.Build.0 = Release|Any CPU
		{949A1626-9A88-446B-A50E-A875BDD955B8}.Release|x64.ActiveCfg = Release|Any CPU
		{949A1626-9A88-446B-A50E-A875BDD955B8}.Release|x64.Build.0 = Release|Any CPU
		{949A1626-9A88-446B-A50E-A875BDD955B8}.Release|x86.ActiveCfg = Release|Any CPU
		{949A1626-9A88-446B-A50E-A875BDD955B8}.Release|x86.Build.0 = Release|Any CPU
		{99567D72-EAC9-44D1-AB27-75A2459F87C0}.Ad-Hoc|Any CPU.ActiveCfg = Release|Any CPU
		{99567D72-EAC9-44D1-AB27-75A2459F87C0}.Ad-Hoc|Any CPU.Build.0 = Release|Any CPU
		{99567D72-EAC9-44D1-AB27-75A2459F87C0}.Ad-Hoc|ARM.ActiveCfg = Release|Any CPU
		{99567D72-EAC9-44D1-AB27-75A2459F87C0}.Ad-Hoc|ARM.Build.0 = Release|Any CPU
		{99567D72-EAC9-44D1-AB27-75A2459F87C0}.Ad-Hoc|iPhone.ActiveCfg = Release|Any CPU
		{99567D72-EAC9-44D1-AB27-75A2459F87C0}.Ad-Hoc|iPhone.Build.0 = Release|Any CPU
		{99567D72-EAC9-44D1-AB27-75A2459F87C0}.Ad-Hoc|iPhoneSimulator.ActiveCfg = Release|Any CPU
		{99567D72-EAC9-44D1-AB27-75A2459F87C0}.Ad-Hoc|iPhoneSimulator.Build.0 = Release|Any CPU
		{99567D72-EAC9-44D1-AB27-75A2459F87C0}.Ad-Hoc|x64.ActiveCfg = Release|Any CPU
		{99567D72-EAC9-44D1-AB27-75A2459F87C0}.Ad-Hoc|x64.Build.0 = Release|Any CPU
		{99567D72-EAC9-44D1-AB27-75A2459F87C0}.Ad-Hoc|x86.ActiveCfg = Release|Any CPU
		{99567D72-EAC9-44D1-AB27-75A2459F87C0}.Ad-Hoc|x86.Build.0 = Release|Any CPU
		{99567D72-EAC9-44D1-AB27-75A2459F87C0}.AppStore|Any CPU.ActiveCfg = Release|Any CPU
		{99567D72-EAC9-44D1-AB27-75A2459F87C0}.AppStore|Any CPU.Build.0 = Release|Any CPU
		{99567D72-EAC9-44D1-AB27-75A2459F87C0}.AppStore|ARM.ActiveCfg = Release|Any CPU
		{99567D72-EAC9-44D1-AB27-75A2459F87C0}.AppStore|ARM.Build.0 = Release|Any CPU
		{99567D72-EAC9-44D1-AB27-75A2459F87C0}.AppStore|iPhone.ActiveCfg = Release|Any CPU
		{99567D72-EAC9-44D1-AB27-75A2459F87C0}.AppStore|iPhone.Build.0 = Release|Any CPU
		{99567D72-EAC9-44D1-AB27-75A2459F87C0}.AppStore|iPhoneSimulator.ActiveCfg = Release|Any CPU
		{99567D72-EAC9-44D1-AB27-75A2459F87C0}.AppStore|iPhoneSimulator.Build.0 = Release|Any CPU
		{99567D72-EAC9-44D1-AB27-75A2459F87C0}.AppStore|x64.ActiveCfg = Release|Any CPU
		{99567D72-EAC9-44D1-AB27-75A2459F87C0}.AppStore|x64.Build.0 = Release|Any CPU
		{99567D72-EAC9-44D1-AB27-75A2459F87C0}.AppStore|x86.ActiveCfg = Release|Any CPU
		{99567D72-EAC9-44D1-AB27-75A2459F87C0}.AppStore|x86.Build.0 = Release|Any CPU
		{99567D72-EAC9-44D1-AB27-75A2459F87C0}.Debug|Any CPU.ActiveCfg = Debug|Any CPU
		{99567D72-EAC9-44D1-AB27-75A2459F87C0}.Debug|Any CPU.Build.0 = Debug|Any CPU
		{99567D72-EAC9-44D1-AB27-75A2459F87C0}.Debug|ARM.ActiveCfg = Debug|Any CPU
		{99567D72-EAC9-44D1-AB27-75A2459F87C0}.Debug|ARM.Build.0 = Debug|Any CPU
		{99567D72-EAC9-44D1-AB27-75A2459F87C0}.Debug|iPhone.ActiveCfg = Debug|Any CPU
		{99567D72-EAC9-44D1-AB27-75A2459F87C0}.Debug|iPhone.Build.0 = Debug|Any CPU
		{99567D72-EAC9-44D1-AB27-75A2459F87C0}.Debug|iPhoneSimulator.ActiveCfg = Debug|Any CPU
		{99567D72-EAC9-44D1-AB27-75A2459F87C0}.Debug|iPhoneSimulator.Build.0 = Debug|Any CPU
		{99567D72-EAC9-44D1-AB27-75A2459F87C0}.Debug|x64.ActiveCfg = Debug|Any CPU
		{99567D72-EAC9-44D1-AB27-75A2459F87C0}.Debug|x64.Build.0 = Debug|Any CPU
		{99567D72-EAC9-44D1-AB27-75A2459F87C0}.Debug|x86.ActiveCfg = Debug|Any CPU
		{99567D72-EAC9-44D1-AB27-75A2459F87C0}.Debug|x86.Build.0 = Debug|Any CPU
		{99567D72-EAC9-44D1-AB27-75A2459F87C0}.Release|Any CPU.ActiveCfg = Release|Any CPU
		{99567D72-EAC9-44D1-AB27-75A2459F87C0}.Release|Any CPU.Build.0 = Release|Any CPU
		{99567D72-EAC9-44D1-AB27-75A2459F87C0}.Release|ARM.ActiveCfg = Release|Any CPU
		{99567D72-EAC9-44D1-AB27-75A2459F87C0}.Release|ARM.Build.0 = Release|Any CPU
		{99567D72-EAC9-44D1-AB27-75A2459F87C0}.Release|iPhone.ActiveCfg = Release|Any CPU
		{99567D72-EAC9-44D1-AB27-75A2459F87C0}.Release|iPhone.Build.0 = Release|Any CPU
		{99567D72-EAC9-44D1-AB27-75A2459F87C0}.Release|iPhoneSimulator.ActiveCfg = Release|Any CPU
		{99567D72-EAC9-44D1-AB27-75A2459F87C0}.Release|iPhoneSimulator.Build.0 = Release|Any CPU
		{99567D72-EAC9-44D1-AB27-75A2459F87C0}.Release|x64.ActiveCfg = Release|Any CPU
		{99567D72-EAC9-44D1-AB27-75A2459F87C0}.Release|x64.Build.0 = Release|Any CPU
		{99567D72-EAC9-44D1-AB27-75A2459F87C0}.Release|x86.ActiveCfg = Release|Any CPU
		{99567D72-EAC9-44D1-AB27-75A2459F87C0}.Release|x86.Build.0 = Release|Any CPU
		{D07C21CE-321C-469E-9EC8-A1D4A5934481}.Ad-Hoc|Any CPU.ActiveCfg = Debug|Any CPU
		{D07C21CE-321C-469E-9EC8-A1D4A5934481}.Ad-Hoc|Any CPU.Build.0 = Debug|Any CPU
		{D07C21CE-321C-469E-9EC8-A1D4A5934481}.Ad-Hoc|ARM.ActiveCfg = Debug|Any CPU
		{D07C21CE-321C-469E-9EC8-A1D4A5934481}.Ad-Hoc|ARM.Build.0 = Debug|Any CPU
		{D07C21CE-321C-469E-9EC8-A1D4A5934481}.Ad-Hoc|iPhone.ActiveCfg = Debug|Any CPU
		{D07C21CE-321C-469E-9EC8-A1D4A5934481}.Ad-Hoc|iPhone.Build.0 = Debug|Any CPU
		{D07C21CE-321C-469E-9EC8-A1D4A5934481}.Ad-Hoc|iPhoneSimulator.ActiveCfg = Debug|Any CPU
		{D07C21CE-321C-469E-9EC8-A1D4A5934481}.Ad-Hoc|iPhoneSimulator.Build.0 = Debug|Any CPU
		{D07C21CE-321C-469E-9EC8-A1D4A5934481}.Ad-Hoc|x64.ActiveCfg = Debug|Any CPU
		{D07C21CE-321C-469E-9EC8-A1D4A5934481}.Ad-Hoc|x64.Build.0 = Debug|Any CPU
		{D07C21CE-321C-469E-9EC8-A1D4A5934481}.Ad-Hoc|x86.ActiveCfg = Debug|Any CPU
		{D07C21CE-321C-469E-9EC8-A1D4A5934481}.Ad-Hoc|x86.Build.0 = Debug|Any CPU
		{D07C21CE-321C-469E-9EC8-A1D4A5934481}.AppStore|Any CPU.ActiveCfg = Debug|Any CPU
		{D07C21CE-321C-469E-9EC8-A1D4A5934481}.AppStore|Any CPU.Build.0 = Debug|Any CPU
		{D07C21CE-321C-469E-9EC8-A1D4A5934481}.AppStore|ARM.ActiveCfg = Debug|Any CPU
		{D07C21CE-321C-469E-9EC8-A1D4A5934481}.AppStore|ARM.Build.0 = Debug|Any CPU
		{D07C21CE-321C-469E-9EC8-A1D4A5934481}.AppStore|iPhone.ActiveCfg = Debug|Any CPU
		{D07C21CE-321C-469E-9EC8-A1D4A5934481}.AppStore|iPhone.Build.0 = Debug|Any CPU
		{D07C21CE-321C-469E-9EC8-A1D4A5934481}.AppStore|iPhoneSimulator.ActiveCfg = Debug|Any CPU
		{D07C21CE-321C-469E-9EC8-A1D4A5934481}.AppStore|iPhoneSimulator.Build.0 = Debug|Any CPU
		{D07C21CE-321C-469E-9EC8-A1D4A5934481}.AppStore|x64.ActiveCfg = Debug|Any CPU
		{D07C21CE-321C-469E-9EC8-A1D4A5934481}.AppStore|x64.Build.0 = Debug|Any CPU
		{D07C21CE-321C-469E-9EC8-A1D4A5934481}.AppStore|x86.ActiveCfg = Debug|Any CPU
		{D07C21CE-321C-469E-9EC8-A1D4A5934481}.AppStore|x86.Build.0 = Debug|Any CPU
		{D07C21CE-321C-469E-9EC8-A1D4A5934481}.Debug|Any CPU.ActiveCfg = Debug|Any CPU
		{D07C21CE-321C-469E-9EC8-A1D4A5934481}.Debug|Any CPU.Build.0 = Debug|Any CPU
		{D07C21CE-321C-469E-9EC8-A1D4A5934481}.Debug|ARM.ActiveCfg = Debug|Any CPU
		{D07C21CE-321C-469E-9EC8-A1D4A5934481}.Debug|ARM.Build.0 = Debug|Any CPU
		{D07C21CE-321C-469E-9EC8-A1D4A5934481}.Debug|iPhone.ActiveCfg = Debug|Any CPU
		{D07C21CE-321C-469E-9EC8-A1D4A5934481}.Debug|iPhone.Build.0 = Debug|Any CPU
		{D07C21CE-321C-469E-9EC8-A1D4A5934481}.Debug|iPhoneSimulator.ActiveCfg = Debug|Any CPU
		{D07C21CE-321C-469E-9EC8-A1D4A5934481}.Debug|iPhoneSimulator.Build.0 = Debug|Any CPU
		{D07C21CE-321C-469E-9EC8-A1D4A5934481}.Debug|x64.ActiveCfg = Debug|Any CPU
		{D07C21CE-321C-469E-9EC8-A1D4A5934481}.Debug|x64.Build.0 = Debug|Any CPU
		{D07C21CE-321C-469E-9EC8-A1D4A5934481}.Debug|x86.ActiveCfg = Debug|Any CPU
		{D07C21CE-321C-469E-9EC8-A1D4A5934481}.Debug|x86.Build.0 = Debug|Any CPU
		{D07C21CE-321C-469E-9EC8-A1D4A5934481}.Release|Any CPU.ActiveCfg = Release|Any CPU
		{D07C21CE-321C-469E-9EC8-A1D4A5934481}.Release|Any CPU.Build.0 = Release|Any CPU
		{D07C21CE-321C-469E-9EC8-A1D4A5934481}.Release|ARM.ActiveCfg = Release|Any CPU
		{D07C21CE-321C-469E-9EC8-A1D4A5934481}.Release|ARM.Build.0 = Release|Any CPU
		{D07C21CE-321C-469E-9EC8-A1D4A5934481}.Release|iPhone.ActiveCfg = Release|Any CPU
		{D07C21CE-321C-469E-9EC8-A1D4A5934481}.Release|iPhone.Build.0 = Release|Any CPU
		{D07C21CE-321C-469E-9EC8-A1D4A5934481}.Release|iPhoneSimulator.ActiveCfg = Release|Any CPU
		{D07C21CE-321C-469E-9EC8-A1D4A5934481}.Release|iPhoneSimulator.Build.0 = Release|Any CPU
		{D07C21CE-321C-469E-9EC8-A1D4A5934481}.Release|x64.ActiveCfg = Release|Any CPU
		{D07C21CE-321C-469E-9EC8-A1D4A5934481}.Release|x64.Build.0 = Release|Any CPU
		{D07C21CE-321C-469E-9EC8-A1D4A5934481}.Release|x86.ActiveCfg = Release|Any CPU
		{D07C21CE-321C-469E-9EC8-A1D4A5934481}.Release|x86.Build.0 = Release|Any CPU
		{96CC72DF-3763-44CF-9EB4-43913CDEDD2F}.Ad-Hoc|Any CPU.ActiveCfg = Debug|Any CPU
		{96CC72DF-3763-44CF-9EB4-43913CDEDD2F}.Ad-Hoc|Any CPU.Build.0 = Debug|Any CPU
		{96CC72DF-3763-44CF-9EB4-43913CDEDD2F}.Ad-Hoc|ARM.ActiveCfg = Debug|Any CPU
		{96CC72DF-3763-44CF-9EB4-43913CDEDD2F}.Ad-Hoc|ARM.Build.0 = Debug|Any CPU
		{96CC72DF-3763-44CF-9EB4-43913CDEDD2F}.Ad-Hoc|iPhone.ActiveCfg = Debug|Any CPU
		{96CC72DF-3763-44CF-9EB4-43913CDEDD2F}.Ad-Hoc|iPhone.Build.0 = Debug|Any CPU
		{96CC72DF-3763-44CF-9EB4-43913CDEDD2F}.Ad-Hoc|iPhoneSimulator.ActiveCfg = Debug|Any CPU
		{96CC72DF-3763-44CF-9EB4-43913CDEDD2F}.Ad-Hoc|iPhoneSimulator.Build.0 = Debug|Any CPU
		{96CC72DF-3763-44CF-9EB4-43913CDEDD2F}.Ad-Hoc|x64.ActiveCfg = Debug|Any CPU
		{96CC72DF-3763-44CF-9EB4-43913CDEDD2F}.Ad-Hoc|x64.Build.0 = Debug|Any CPU
		{96CC72DF-3763-44CF-9EB4-43913CDEDD2F}.Ad-Hoc|x86.ActiveCfg = Debug|Any CPU
		{96CC72DF-3763-44CF-9EB4-43913CDEDD2F}.Ad-Hoc|x86.Build.0 = Debug|Any CPU
		{96CC72DF-3763-44CF-9EB4-43913CDEDD2F}.AppStore|Any CPU.ActiveCfg = Debug|Any CPU
		{96CC72DF-3763-44CF-9EB4-43913CDEDD2F}.AppStore|Any CPU.Build.0 = Debug|Any CPU
		{96CC72DF-3763-44CF-9EB4-43913CDEDD2F}.AppStore|ARM.ActiveCfg = Debug|Any CPU
		{96CC72DF-3763-44CF-9EB4-43913CDEDD2F}.AppStore|ARM.Build.0 = Debug|Any CPU
		{96CC72DF-3763-44CF-9EB4-43913CDEDD2F}.AppStore|iPhone.ActiveCfg = Debug|Any CPU
		{96CC72DF-3763-44CF-9EB4-43913CDEDD2F}.AppStore|iPhone.Build.0 = Debug|Any CPU
		{96CC72DF-3763-44CF-9EB4-43913CDEDD2F}.AppStore|iPhoneSimulator.ActiveCfg = Debug|Any CPU
		{96CC72DF-3763-44CF-9EB4-43913CDEDD2F}.AppStore|iPhoneSimulator.Build.0 = Debug|Any CPU
		{96CC72DF-3763-44CF-9EB4-43913CDEDD2F}.AppStore|x64.ActiveCfg = Debug|Any CPU
		{96CC72DF-3763-44CF-9EB4-43913CDEDD2F}.AppStore|x64.Build.0 = Debug|Any CPU
		{96CC72DF-3763-44CF-9EB4-43913CDEDD2F}.AppStore|x86.ActiveCfg = Debug|Any CPU
		{96CC72DF-3763-44CF-9EB4-43913CDEDD2F}.AppStore|x86.Build.0 = Debug|Any CPU
		{96CC72DF-3763-44CF-9EB4-43913CDEDD2F}.Debug|Any CPU.ActiveCfg = Debug|Any CPU
		{96CC72DF-3763-44CF-9EB4-43913CDEDD2F}.Debug|Any CPU.Build.0 = Debug|Any CPU
		{96CC72DF-3763-44CF-9EB4-43913CDEDD2F}.Debug|ARM.ActiveCfg = Debug|Any CPU
		{96CC72DF-3763-44CF-9EB4-43913CDEDD2F}.Debug|ARM.Build.0 = Debug|Any CPU
		{96CC72DF-3763-44CF-9EB4-43913CDEDD2F}.Debug|iPhone.ActiveCfg = Debug|Any CPU
		{96CC72DF-3763-44CF-9EB4-43913CDEDD2F}.Debug|iPhone.Build.0 = Debug|Any CPU
		{96CC72DF-3763-44CF-9EB4-43913CDEDD2F}.Debug|iPhoneSimulator.ActiveCfg = Debug|Any CPU
		{96CC72DF-3763-44CF-9EB4-43913CDEDD2F}.Debug|iPhoneSimulator.Build.0 = Debug|Any CPU
		{96CC72DF-3763-44CF-9EB4-43913CDEDD2F}.Debug|x64.ActiveCfg = Debug|Any CPU
		{96CC72DF-3763-44CF-9EB4-43913CDEDD2F}.Debug|x64.Build.0 = Debug|Any CPU
		{96CC72DF-3763-44CF-9EB4-43913CDEDD2F}.Debug|x86.ActiveCfg = Debug|Any CPU
		{96CC72DF-3763-44CF-9EB4-43913CDEDD2F}.Debug|x86.Build.0 = Debug|Any CPU
		{96CC72DF-3763-44CF-9EB4-43913CDEDD2F}.Release|Any CPU.ActiveCfg = Release|Any CPU
		{96CC72DF-3763-44CF-9EB4-43913CDEDD2F}.Release|Any CPU.Build.0 = Release|Any CPU
		{96CC72DF-3763-44CF-9EB4-43913CDEDD2F}.Release|ARM.ActiveCfg = Release|Any CPU
		{96CC72DF-3763-44CF-9EB4-43913CDEDD2F}.Release|ARM.Build.0 = Release|Any CPU
		{96CC72DF-3763-44CF-9EB4-43913CDEDD2F}.Release|iPhone.ActiveCfg = Release|Any CPU
		{96CC72DF-3763-44CF-9EB4-43913CDEDD2F}.Release|iPhone.Build.0 = Release|Any CPU
		{96CC72DF-3763-44CF-9EB4-43913CDEDD2F}.Release|iPhoneSimulator.ActiveCfg = Release|Any CPU
		{96CC72DF-3763-44CF-9EB4-43913CDEDD2F}.Release|iPhoneSimulator.Build.0 = Release|Any CPU
		{96CC72DF-3763-44CF-9EB4-43913CDEDD2F}.Release|x64.ActiveCfg = Release|Any CPU
		{96CC72DF-3763-44CF-9EB4-43913CDEDD2F}.Release|x64.Build.0 = Release|Any CPU
		{96CC72DF-3763-44CF-9EB4-43913CDEDD2F}.Release|x86.ActiveCfg = Release|Any CPU
		{96CC72DF-3763-44CF-9EB4-43913CDEDD2F}.Release|x86.Build.0 = Release|Any CPU
		{67987C6E-0361-4652-80CA-DE1A32B229C5}.Ad-Hoc|Any CPU.ActiveCfg = Debug|Any CPU
		{67987C6E-0361-4652-80CA-DE1A32B229C5}.Ad-Hoc|Any CPU.Build.0 = Debug|Any CPU
		{67987C6E-0361-4652-80CA-DE1A32B229C5}.Ad-Hoc|ARM.ActiveCfg = Debug|Any CPU
		{67987C6E-0361-4652-80CA-DE1A32B229C5}.Ad-Hoc|ARM.Build.0 = Debug|Any CPU
		{67987C6E-0361-4652-80CA-DE1A32B229C5}.Ad-Hoc|iPhone.ActiveCfg = Debug|Any CPU
		{67987C6E-0361-4652-80CA-DE1A32B229C5}.Ad-Hoc|iPhone.Build.0 = Debug|Any CPU
		{67987C6E-0361-4652-80CA-DE1A32B229C5}.Ad-Hoc|iPhoneSimulator.ActiveCfg = Debug|Any CPU
		{67987C6E-0361-4652-80CA-DE1A32B229C5}.Ad-Hoc|iPhoneSimulator.Build.0 = Debug|Any CPU
		{67987C6E-0361-4652-80CA-DE1A32B229C5}.Ad-Hoc|x64.ActiveCfg = Debug|Any CPU
		{67987C6E-0361-4652-80CA-DE1A32B229C5}.Ad-Hoc|x64.Build.0 = Debug|Any CPU
		{67987C6E-0361-4652-80CA-DE1A32B229C5}.Ad-Hoc|x86.ActiveCfg = Debug|Any CPU
		{67987C6E-0361-4652-80CA-DE1A32B229C5}.Ad-Hoc|x86.Build.0 = Debug|Any CPU
		{67987C6E-0361-4652-80CA-DE1A32B229C5}.AppStore|Any CPU.ActiveCfg = Debug|Any CPU
		{67987C6E-0361-4652-80CA-DE1A32B229C5}.AppStore|Any CPU.Build.0 = Debug|Any CPU
		{67987C6E-0361-4652-80CA-DE1A32B229C5}.AppStore|ARM.ActiveCfg = Debug|Any CPU
		{67987C6E-0361-4652-80CA-DE1A32B229C5}.AppStore|ARM.Build.0 = Debug|Any CPU
		{67987C6E-0361-4652-80CA-DE1A32B229C5}.AppStore|iPhone.ActiveCfg = Debug|Any CPU
		{67987C6E-0361-4652-80CA-DE1A32B229C5}.AppStore|iPhone.Build.0 = Debug|Any CPU
		{67987C6E-0361-4652-80CA-DE1A32B229C5}.AppStore|iPhoneSimulator.ActiveCfg = Debug|Any CPU
		{67987C6E-0361-4652-80CA-DE1A32B229C5}.AppStore|iPhoneSimulator.Build.0 = Debug|Any CPU
		{67987C6E-0361-4652-80CA-DE1A32B229C5}.AppStore|x64.ActiveCfg = Debug|Any CPU
		{67987C6E-0361-4652-80CA-DE1A32B229C5}.AppStore|x64.Build.0 = Debug|Any CPU
		{67987C6E-0361-4652-80CA-DE1A32B229C5}.AppStore|x86.ActiveCfg = Debug|Any CPU
		{67987C6E-0361-4652-80CA-DE1A32B229C5}.AppStore|x86.Build.0 = Debug|Any CPU
		{67987C6E-0361-4652-80CA-DE1A32B229C5}.Debug|Any CPU.ActiveCfg = Debug|Any CPU
		{67987C6E-0361-4652-80CA-DE1A32B229C5}.Debug|Any CPU.Build.0 = Debug|Any CPU
		{67987C6E-0361-4652-80CA-DE1A32B229C5}.Debug|ARM.ActiveCfg = Debug|Any CPU
		{67987C6E-0361-4652-80CA-DE1A32B229C5}.Debug|ARM.Build.0 = Debug|Any CPU
		{67987C6E-0361-4652-80CA-DE1A32B229C5}.Debug|iPhone.ActiveCfg = Debug|Any CPU
		{67987C6E-0361-4652-80CA-DE1A32B229C5}.Debug|iPhone.Build.0 = Debug|Any CPU
		{67987C6E-0361-4652-80CA-DE1A32B229C5}.Debug|iPhoneSimulator.ActiveCfg = Debug|Any CPU
		{67987C6E-0361-4652-80CA-DE1A32B229C5}.Debug|iPhoneSimulator.Build.0 = Debug|Any CPU
		{67987C6E-0361-4652-80CA-DE1A32B229C5}.Debug|x64.ActiveCfg = Debug|Any CPU
		{67987C6E-0361-4652-80CA-DE1A32B229C5}.Debug|x64.Build.0 = Debug|Any CPU
		{67987C6E-0361-4652-80CA-DE1A32B229C5}.Debug|x86.ActiveCfg = Debug|Any CPU
		{67987C6E-0361-4652-80CA-DE1A32B229C5}.Debug|x86.Build.0 = Debug|Any CPU
		{67987C6E-0361-4652-80CA-DE1A32B229C5}.Release|Any CPU.ActiveCfg = Release|Any CPU
		{67987C6E-0361-4652-80CA-DE1A32B229C5}.Release|Any CPU.Build.0 = Release|Any CPU
		{67987C6E-0361-4652-80CA-DE1A32B229C5}.Release|ARM.ActiveCfg = Release|Any CPU
		{67987C6E-0361-4652-80CA-DE1A32B229C5}.Release|ARM.Build.0 = Release|Any CPU
		{67987C6E-0361-4652-80CA-DE1A32B229C5}.Release|iPhone.ActiveCfg = Release|Any CPU
		{67987C6E-0361-4652-80CA-DE1A32B229C5}.Release|iPhone.Build.0 = Release|Any CPU
		{67987C6E-0361-4652-80CA-DE1A32B229C5}.Release|iPhoneSimulator.ActiveCfg = Release|Any CPU
		{67987C6E-0361-4652-80CA-DE1A32B229C5}.Release|iPhoneSimulator.Build.0 = Release|Any CPU
		{67987C6E-0361-4652-80CA-DE1A32B229C5}.Release|x64.ActiveCfg = Release|Any CPU
		{67987C6E-0361-4652-80CA-DE1A32B229C5}.Release|x64.Build.0 = Release|Any CPU
		{67987C6E-0361-4652-80CA-DE1A32B229C5}.Release|x86.ActiveCfg = Release|Any CPU
		{67987C6E-0361-4652-80CA-DE1A32B229C5}.Release|x86.Build.0 = Release|Any CPU
		{7E7C8199-C422-4247-875C-F1A4D25EB327}.Ad-Hoc|Any CPU.ActiveCfg = Debug|Any CPU
		{7E7C8199-C422-4247-875C-F1A4D25EB327}.Ad-Hoc|Any CPU.Build.0 = Debug|Any CPU
		{7E7C8199-C422-4247-875C-F1A4D25EB327}.Ad-Hoc|ARM.ActiveCfg = Debug|Any CPU
		{7E7C8199-C422-4247-875C-F1A4D25EB327}.Ad-Hoc|ARM.Build.0 = Debug|Any CPU
		{7E7C8199-C422-4247-875C-F1A4D25EB327}.Ad-Hoc|iPhone.ActiveCfg = Debug|Any CPU
		{7E7C8199-C422-4247-875C-F1A4D25EB327}.Ad-Hoc|iPhone.Build.0 = Debug|Any CPU
		{7E7C8199-C422-4247-875C-F1A4D25EB327}.Ad-Hoc|iPhoneSimulator.ActiveCfg = Debug|Any CPU
		{7E7C8199-C422-4247-875C-F1A4D25EB327}.Ad-Hoc|iPhoneSimulator.Build.0 = Debug|Any CPU
		{7E7C8199-C422-4247-875C-F1A4D25EB327}.Ad-Hoc|x64.ActiveCfg = Debug|Any CPU
		{7E7C8199-C422-4247-875C-F1A4D25EB327}.Ad-Hoc|x64.Build.0 = Debug|Any CPU
		{7E7C8199-C422-4247-875C-F1A4D25EB327}.Ad-Hoc|x86.ActiveCfg = Debug|Any CPU
		{7E7C8199-C422-4247-875C-F1A4D25EB327}.Ad-Hoc|x86.Build.0 = Debug|Any CPU
		{7E7C8199-C422-4247-875C-F1A4D25EB327}.AppStore|Any CPU.ActiveCfg = Debug|Any CPU
		{7E7C8199-C422-4247-875C-F1A4D25EB327}.AppStore|Any CPU.Build.0 = Debug|Any CPU
		{7E7C8199-C422-4247-875C-F1A4D25EB327}.AppStore|ARM.ActiveCfg = Debug|Any CPU
		{7E7C8199-C422-4247-875C-F1A4D25EB327}.AppStore|ARM.Build.0 = Debug|Any CPU
		{7E7C8199-C422-4247-875C-F1A4D25EB327}.AppStore|iPhone.ActiveCfg = Debug|Any CPU
		{7E7C8199-C422-4247-875C-F1A4D25EB327}.AppStore|iPhone.Build.0 = Debug|Any CPU
		{7E7C8199-C422-4247-875C-F1A4D25EB327}.AppStore|iPhoneSimulator.ActiveCfg = Debug|Any CPU
		{7E7C8199-C422-4247-875C-F1A4D25EB327}.AppStore|iPhoneSimulator.Build.0 = Debug|Any CPU
		{7E7C8199-C422-4247-875C-F1A4D25EB327}.AppStore|x64.ActiveCfg = Debug|Any CPU
		{7E7C8199-C422-4247-875C-F1A4D25EB327}.AppStore|x64.Build.0 = Debug|Any CPU
		{7E7C8199-C422-4247-875C-F1A4D25EB327}.AppStore|x86.ActiveCfg = Debug|Any CPU
		{7E7C8199-C422-4247-875C-F1A4D25EB327}.AppStore|x86.Build.0 = Debug|Any CPU
		{7E7C8199-C422-4247-875C-F1A4D25EB327}.Debug|Any CPU.ActiveCfg = Debug|Any CPU
		{7E7C8199-C422-4247-875C-F1A4D25EB327}.Debug|Any CPU.Build.0 = Debug|Any CPU
		{7E7C8199-C422-4247-875C-F1A4D25EB327}.Debug|ARM.ActiveCfg = Debug|Any CPU
		{7E7C8199-C422-4247-875C-F1A4D25EB327}.Debug|ARM.Build.0 = Debug|Any CPU
		{7E7C8199-C422-4247-875C-F1A4D25EB327}.Debug|iPhone.ActiveCfg = Debug|Any CPU
		{7E7C8199-C422-4247-875C-F1A4D25EB327}.Debug|iPhone.Build.0 = Debug|Any CPU
		{7E7C8199-C422-4247-875C-F1A4D25EB327}.Debug|iPhoneSimulator.ActiveCfg = Debug|Any CPU
		{7E7C8199-C422-4247-875C-F1A4D25EB327}.Debug|iPhoneSimulator.Build.0 = Debug|Any CPU
		{7E7C8199-C422-4247-875C-F1A4D25EB327}.Debug|x64.ActiveCfg = Debug|Any CPU
		{7E7C8199-C422-4247-875C-F1A4D25EB327}.Debug|x64.Build.0 = Debug|Any CPU
		{7E7C8199-C422-4247-875C-F1A4D25EB327}.Debug|x86.ActiveCfg = Debug|Any CPU
		{7E7C8199-C422-4247-875C-F1A4D25EB327}.Debug|x86.Build.0 = Debug|Any CPU
		{7E7C8199-C422-4247-875C-F1A4D25EB327}.Release|Any CPU.ActiveCfg = Release|Any CPU
		{7E7C8199-C422-4247-875C-F1A4D25EB327}.Release|Any CPU.Build.0 = Release|Any CPU
		{7E7C8199-C422-4247-875C-F1A4D25EB327}.Release|ARM.ActiveCfg = Release|Any CPU
		{7E7C8199-C422-4247-875C-F1A4D25EB327}.Release|ARM.Build.0 = Release|Any CPU
		{7E7C8199-C422-4247-875C-F1A4D25EB327}.Release|iPhone.ActiveCfg = Release|Any CPU
		{7E7C8199-C422-4247-875C-F1A4D25EB327}.Release|iPhone.Build.0 = Release|Any CPU
		{7E7C8199-C422-4247-875C-F1A4D25EB327}.Release|iPhoneSimulator.ActiveCfg = Release|Any CPU
		{7E7C8199-C422-4247-875C-F1A4D25EB327}.Release|iPhoneSimulator.Build.0 = Release|Any CPU
		{7E7C8199-C422-4247-875C-F1A4D25EB327}.Release|x64.ActiveCfg = Release|Any CPU
		{7E7C8199-C422-4247-875C-F1A4D25EB327}.Release|x64.Build.0 = Release|Any CPU
		{7E7C8199-C422-4247-875C-F1A4D25EB327}.Release|x86.ActiveCfg = Release|Any CPU
		{7E7C8199-C422-4247-875C-F1A4D25EB327}.Release|x86.Build.0 = Release|Any CPU
		{0F998B27-B865-4627-BDA3-A3E5EA1B32C0}.Ad-Hoc|Any CPU.ActiveCfg = Ad-Hoc|iPhone
		{0F998B27-B865-4627-BDA3-A3E5EA1B32C0}.Ad-Hoc|Any CPU.Build.0 = Ad-Hoc|iPhone
		{0F998B27-B865-4627-BDA3-A3E5EA1B32C0}.Ad-Hoc|ARM.ActiveCfg = Ad-Hoc|iPhone
		{0F998B27-B865-4627-BDA3-A3E5EA1B32C0}.Ad-Hoc|ARM.Build.0 = Ad-Hoc|iPhone
		{0F998B27-B865-4627-BDA3-A3E5EA1B32C0}.Ad-Hoc|iPhone.ActiveCfg = Ad-Hoc|iPhone
		{0F998B27-B865-4627-BDA3-A3E5EA1B32C0}.Ad-Hoc|iPhone.Build.0 = Ad-Hoc|iPhone
		{0F998B27-B865-4627-BDA3-A3E5EA1B32C0}.Ad-Hoc|iPhoneSimulator.ActiveCfg = Debug|iPhoneSimulator
		{0F998B27-B865-4627-BDA3-A3E5EA1B32C0}.Ad-Hoc|iPhoneSimulator.Build.0 = Debug|iPhoneSimulator
		{0F998B27-B865-4627-BDA3-A3E5EA1B32C0}.Ad-Hoc|x64.ActiveCfg = Ad-Hoc|iPhone
		{0F998B27-B865-4627-BDA3-A3E5EA1B32C0}.Ad-Hoc|x64.Build.0 = Ad-Hoc|iPhone
		{0F998B27-B865-4627-BDA3-A3E5EA1B32C0}.Ad-Hoc|x86.ActiveCfg = Ad-Hoc|iPhone
		{0F998B27-B865-4627-BDA3-A3E5EA1B32C0}.Ad-Hoc|x86.Build.0 = Ad-Hoc|iPhone
		{0F998B27-B865-4627-BDA3-A3E5EA1B32C0}.AppStore|Any CPU.ActiveCfg = AppStore|iPhone
		{0F998B27-B865-4627-BDA3-A3E5EA1B32C0}.AppStore|Any CPU.Build.0 = AppStore|iPhone
		{0F998B27-B865-4627-BDA3-A3E5EA1B32C0}.AppStore|ARM.ActiveCfg = AppStore|iPhone
		{0F998B27-B865-4627-BDA3-A3E5EA1B32C0}.AppStore|ARM.Build.0 = AppStore|iPhone
		{0F998B27-B865-4627-BDA3-A3E5EA1B32C0}.AppStore|iPhone.ActiveCfg = AppStore|iPhone
		{0F998B27-B865-4627-BDA3-A3E5EA1B32C0}.AppStore|iPhone.Build.0 = AppStore|iPhone
		{0F998B27-B865-4627-BDA3-A3E5EA1B32C0}.AppStore|iPhoneSimulator.ActiveCfg = Debug|iPhoneSimulator
		{0F998B27-B865-4627-BDA3-A3E5EA1B32C0}.AppStore|iPhoneSimulator.Build.0 = Debug|iPhoneSimulator
		{0F998B27-B865-4627-BDA3-A3E5EA1B32C0}.AppStore|x64.ActiveCfg = AppStore|iPhone
		{0F998B27-B865-4627-BDA3-A3E5EA1B32C0}.AppStore|x64.Build.0 = AppStore|iPhone
		{0F998B27-B865-4627-BDA3-A3E5EA1B32C0}.AppStore|x86.ActiveCfg = AppStore|iPhone
		{0F998B27-B865-4627-BDA3-A3E5EA1B32C0}.AppStore|x86.Build.0 = AppStore|iPhone
		{0F998B27-B865-4627-BDA3-A3E5EA1B32C0}.Debug|Any CPU.ActiveCfg = Debug|iPhoneSimulator
		{0F998B27-B865-4627-BDA3-A3E5EA1B32C0}.Debug|Any CPU.Build.0 = Debug|iPhoneSimulator
		{0F998B27-B865-4627-BDA3-A3E5EA1B32C0}.Debug|ARM.ActiveCfg = Debug|iPhoneSimulator
		{0F998B27-B865-4627-BDA3-A3E5EA1B32C0}.Debug|ARM.Build.0 = Debug|iPhoneSimulator
		{0F998B27-B865-4627-BDA3-A3E5EA1B32C0}.Debug|iPhone.ActiveCfg = Debug|iPhone
		{0F998B27-B865-4627-BDA3-A3E5EA1B32C0}.Debug|iPhone.Build.0 = Debug|iPhone
		{0F998B27-B865-4627-BDA3-A3E5EA1B32C0}.Debug|iPhoneSimulator.ActiveCfg = Debug|iPhoneSimulator
		{0F998B27-B865-4627-BDA3-A3E5EA1B32C0}.Debug|iPhoneSimulator.Build.0 = Debug|iPhoneSimulator
		{0F998B27-B865-4627-BDA3-A3E5EA1B32C0}.Debug|x64.ActiveCfg = Debug|iPhoneSimulator
		{0F998B27-B865-4627-BDA3-A3E5EA1B32C0}.Debug|x64.Build.0 = Debug|iPhoneSimulator
		{0F998B27-B865-4627-BDA3-A3E5EA1B32C0}.Debug|x86.ActiveCfg = Debug|iPhoneSimulator
		{0F998B27-B865-4627-BDA3-A3E5EA1B32C0}.Debug|x86.Build.0 = Debug|iPhoneSimulator
		{0F998B27-B865-4627-BDA3-A3E5EA1B32C0}.Release|Any CPU.ActiveCfg = Release|iPhoneSimulator
		{0F998B27-B865-4627-BDA3-A3E5EA1B32C0}.Release|Any CPU.Build.0 = Release|iPhoneSimulator
		{0F998B27-B865-4627-BDA3-A3E5EA1B32C0}.Release|ARM.ActiveCfg = Release|iPhoneSimulator
		{0F998B27-B865-4627-BDA3-A3E5EA1B32C0}.Release|ARM.Build.0 = Release|iPhoneSimulator
		{0F998B27-B865-4627-BDA3-A3E5EA1B32C0}.Release|iPhone.ActiveCfg = Release|iPhone
		{0F998B27-B865-4627-BDA3-A3E5EA1B32C0}.Release|iPhone.Build.0 = Release|iPhone
		{0F998B27-B865-4627-BDA3-A3E5EA1B32C0}.Release|iPhoneSimulator.ActiveCfg = Release|iPhoneSimulator
		{0F998B27-B865-4627-BDA3-A3E5EA1B32C0}.Release|iPhoneSimulator.Build.0 = Release|iPhoneSimulator
		{0F998B27-B865-4627-BDA3-A3E5EA1B32C0}.Release|x64.ActiveCfg = Release|iPhoneSimulator
		{0F998B27-B865-4627-BDA3-A3E5EA1B32C0}.Release|x64.Build.0 = Release|iPhoneSimulator
		{0F998B27-B865-4627-BDA3-A3E5EA1B32C0}.Release|x86.ActiveCfg = Release|iPhoneSimulator
		{0F998B27-B865-4627-BDA3-A3E5EA1B32C0}.Release|x86.Build.0 = Release|iPhoneSimulator
		{F658AD04-E9D4-41B0-9464-828F5D94EBB2}.Ad-Hoc|Any CPU.ActiveCfg = Debug|Any CPU
		{F658AD04-E9D4-41B0-9464-828F5D94EBB2}.Ad-Hoc|Any CPU.Build.0 = Debug|Any CPU
		{F658AD04-E9D4-41B0-9464-828F5D94EBB2}.Ad-Hoc|ARM.ActiveCfg = Debug|Any CPU
		{F658AD04-E9D4-41B0-9464-828F5D94EBB2}.Ad-Hoc|ARM.Build.0 = Debug|Any CPU
		{F658AD04-E9D4-41B0-9464-828F5D94EBB2}.Ad-Hoc|iPhone.ActiveCfg = Debug|Any CPU
		{F658AD04-E9D4-41B0-9464-828F5D94EBB2}.Ad-Hoc|iPhone.Build.0 = Debug|Any CPU
		{F658AD04-E9D4-41B0-9464-828F5D94EBB2}.Ad-Hoc|iPhoneSimulator.ActiveCfg = Debug|Any CPU
		{F658AD04-E9D4-41B0-9464-828F5D94EBB2}.Ad-Hoc|iPhoneSimulator.Build.0 = Debug|Any CPU
		{F658AD04-E9D4-41B0-9464-828F5D94EBB2}.Ad-Hoc|x64.ActiveCfg = Debug|Any CPU
		{F658AD04-E9D4-41B0-9464-828F5D94EBB2}.Ad-Hoc|x64.Build.0 = Debug|Any CPU
		{F658AD04-E9D4-41B0-9464-828F5D94EBB2}.Ad-Hoc|x86.ActiveCfg = Debug|Any CPU
		{F658AD04-E9D4-41B0-9464-828F5D94EBB2}.Ad-Hoc|x86.Build.0 = Debug|Any CPU
		{F658AD04-E9D4-41B0-9464-828F5D94EBB2}.AppStore|Any CPU.ActiveCfg = Debug|Any CPU
		{F658AD04-E9D4-41B0-9464-828F5D94EBB2}.AppStore|Any CPU.Build.0 = Debug|Any CPU
		{F658AD04-E9D4-41B0-9464-828F5D94EBB2}.AppStore|ARM.ActiveCfg = Debug|Any CPU
		{F658AD04-E9D4-41B0-9464-828F5D94EBB2}.AppStore|ARM.Build.0 = Debug|Any CPU
		{F658AD04-E9D4-41B0-9464-828F5D94EBB2}.AppStore|iPhone.ActiveCfg = Debug|Any CPU
		{F658AD04-E9D4-41B0-9464-828F5D94EBB2}.AppStore|iPhone.Build.0 = Debug|Any CPU
		{F658AD04-E9D4-41B0-9464-828F5D94EBB2}.AppStore|iPhoneSimulator.ActiveCfg = Debug|Any CPU
		{F658AD04-E9D4-41B0-9464-828F5D94EBB2}.AppStore|iPhoneSimulator.Build.0 = Debug|Any CPU
		{F658AD04-E9D4-41B0-9464-828F5D94EBB2}.AppStore|x64.ActiveCfg = Debug|Any CPU
		{F658AD04-E9D4-41B0-9464-828F5D94EBB2}.AppStore|x64.Build.0 = Debug|Any CPU
		{F658AD04-E9D4-41B0-9464-828F5D94EBB2}.AppStore|x86.ActiveCfg = Debug|Any CPU
		{F658AD04-E9D4-41B0-9464-828F5D94EBB2}.AppStore|x86.Build.0 = Debug|Any CPU
		{F658AD04-E9D4-41B0-9464-828F5D94EBB2}.Debug|Any CPU.ActiveCfg = Debug|Any CPU
		{F658AD04-E9D4-41B0-9464-828F5D94EBB2}.Debug|Any CPU.Build.0 = Debug|Any CPU
		{F658AD04-E9D4-41B0-9464-828F5D94EBB2}.Debug|ARM.ActiveCfg = Debug|Any CPU
		{F658AD04-E9D4-41B0-9464-828F5D94EBB2}.Debug|ARM.Build.0 = Debug|Any CPU
		{F658AD04-E9D4-41B0-9464-828F5D94EBB2}.Debug|iPhone.ActiveCfg = Debug|Any CPU
		{F658AD04-E9D4-41B0-9464-828F5D94EBB2}.Debug|iPhone.Build.0 = Debug|Any CPU
		{F658AD04-E9D4-41B0-9464-828F5D94EBB2}.Debug|iPhoneSimulator.ActiveCfg = Debug|Any CPU
		{F658AD04-E9D4-41B0-9464-828F5D94EBB2}.Debug|iPhoneSimulator.Build.0 = Debug|Any CPU
		{F658AD04-E9D4-41B0-9464-828F5D94EBB2}.Debug|x64.ActiveCfg = Debug|Any CPU
		{F658AD04-E9D4-41B0-9464-828F5D94EBB2}.Debug|x64.Build.0 = Debug|Any CPU
		{F658AD04-E9D4-41B0-9464-828F5D94EBB2}.Debug|x86.ActiveCfg = Debug|Any CPU
		{F658AD04-E9D4-41B0-9464-828F5D94EBB2}.Debug|x86.Build.0 = Debug|Any CPU
		{F658AD04-E9D4-41B0-9464-828F5D94EBB2}.Release|Any CPU.ActiveCfg = Release|Any CPU
		{F658AD04-E9D4-41B0-9464-828F5D94EBB2}.Release|Any CPU.Build.0 = Release|Any CPU
		{F658AD04-E9D4-41B0-9464-828F5D94EBB2}.Release|ARM.ActiveCfg = Release|Any CPU
		{F658AD04-E9D4-41B0-9464-828F5D94EBB2}.Release|ARM.Build.0 = Release|Any CPU
		{F658AD04-E9D4-41B0-9464-828F5D94EBB2}.Release|iPhone.ActiveCfg = Release|Any CPU
		{F658AD04-E9D4-41B0-9464-828F5D94EBB2}.Release|iPhone.Build.0 = Release|Any CPU
		{F658AD04-E9D4-41B0-9464-828F5D94EBB2}.Release|iPhoneSimulator.ActiveCfg = Release|Any CPU
		{F658AD04-E9D4-41B0-9464-828F5D94EBB2}.Release|iPhoneSimulator.Build.0 = Release|Any CPU
		{F658AD04-E9D4-41B0-9464-828F5D94EBB2}.Release|x64.ActiveCfg = Release|Any CPU
		{F658AD04-E9D4-41B0-9464-828F5D94EBB2}.Release|x64.Build.0 = Release|Any CPU
		{F658AD04-E9D4-41B0-9464-828F5D94EBB2}.Release|x86.ActiveCfg = Release|Any CPU
		{F658AD04-E9D4-41B0-9464-828F5D94EBB2}.Release|x86.Build.0 = Release|Any CPU
		{0BF6ADC4-F3E3-4D13-B3DE-71BA74FF4B68}.Ad-Hoc|Any CPU.ActiveCfg = Release|x64
		{0BF6ADC4-F3E3-4D13-B3DE-71BA74FF4B68}.Ad-Hoc|Any CPU.Build.0 = Release|x64
		{0BF6ADC4-F3E3-4D13-B3DE-71BA74FF4B68}.Ad-Hoc|Any CPU.Deploy.0 = Release|x64
		{0BF6ADC4-F3E3-4D13-B3DE-71BA74FF4B68}.Ad-Hoc|ARM.ActiveCfg = Release|ARM
		{0BF6ADC4-F3E3-4D13-B3DE-71BA74FF4B68}.Ad-Hoc|ARM.Build.0 = Release|ARM
		{0BF6ADC4-F3E3-4D13-B3DE-71BA74FF4B68}.Ad-Hoc|ARM.Deploy.0 = Release|ARM
		{0BF6ADC4-F3E3-4D13-B3DE-71BA74FF4B68}.Ad-Hoc|iPhone.ActiveCfg = Release|x64
		{0BF6ADC4-F3E3-4D13-B3DE-71BA74FF4B68}.Ad-Hoc|iPhone.Build.0 = Release|x64
		{0BF6ADC4-F3E3-4D13-B3DE-71BA74FF4B68}.Ad-Hoc|iPhone.Deploy.0 = Release|x64
		{0BF6ADC4-F3E3-4D13-B3DE-71BA74FF4B68}.Ad-Hoc|iPhoneSimulator.ActiveCfg = Release|x64
		{0BF6ADC4-F3E3-4D13-B3DE-71BA74FF4B68}.Ad-Hoc|iPhoneSimulator.Build.0 = Release|x64
		{0BF6ADC4-F3E3-4D13-B3DE-71BA74FF4B68}.Ad-Hoc|iPhoneSimulator.Deploy.0 = Release|x64
		{0BF6ADC4-F3E3-4D13-B3DE-71BA74FF4B68}.Ad-Hoc|x64.ActiveCfg = Release|x64
		{0BF6ADC4-F3E3-4D13-B3DE-71BA74FF4B68}.Ad-Hoc|x64.Build.0 = Release|x64
		{0BF6ADC4-F3E3-4D13-B3DE-71BA74FF4B68}.Ad-Hoc|x64.Deploy.0 = Release|x64
		{0BF6ADC4-F3E3-4D13-B3DE-71BA74FF4B68}.Ad-Hoc|x86.ActiveCfg = Release|x86
		{0BF6ADC4-F3E3-4D13-B3DE-71BA74FF4B68}.Ad-Hoc|x86.Build.0 = Release|x86
		{0BF6ADC4-F3E3-4D13-B3DE-71BA74FF4B68}.Ad-Hoc|x86.Deploy.0 = Release|x86
		{0BF6ADC4-F3E3-4D13-B3DE-71BA74FF4B68}.AppStore|Any CPU.ActiveCfg = Release|x64
		{0BF6ADC4-F3E3-4D13-B3DE-71BA74FF4B68}.AppStore|Any CPU.Build.0 = Release|x64
		{0BF6ADC4-F3E3-4D13-B3DE-71BA74FF4B68}.AppStore|Any CPU.Deploy.0 = Release|x64
		{0BF6ADC4-F3E3-4D13-B3DE-71BA74FF4B68}.AppStore|ARM.ActiveCfg = Release|ARM
		{0BF6ADC4-F3E3-4D13-B3DE-71BA74FF4B68}.AppStore|ARM.Build.0 = Release|ARM
		{0BF6ADC4-F3E3-4D13-B3DE-71BA74FF4B68}.AppStore|ARM.Deploy.0 = Release|ARM
		{0BF6ADC4-F3E3-4D13-B3DE-71BA74FF4B68}.AppStore|iPhone.ActiveCfg = Release|x64
		{0BF6ADC4-F3E3-4D13-B3DE-71BA74FF4B68}.AppStore|iPhone.Build.0 = Release|x64
		{0BF6ADC4-F3E3-4D13-B3DE-71BA74FF4B68}.AppStore|iPhone.Deploy.0 = Release|x64
		{0BF6ADC4-F3E3-4D13-B3DE-71BA74FF4B68}.AppStore|iPhoneSimulator.ActiveCfg = Release|x64
		{0BF6ADC4-F3E3-4D13-B3DE-71BA74FF4B68}.AppStore|iPhoneSimulator.Build.0 = Release|x64
		{0BF6ADC4-F3E3-4D13-B3DE-71BA74FF4B68}.AppStore|iPhoneSimulator.Deploy.0 = Release|x64
		{0BF6ADC4-F3E3-4D13-B3DE-71BA74FF4B68}.AppStore|x64.ActiveCfg = Release|x64
		{0BF6ADC4-F3E3-4D13-B3DE-71BA74FF4B68}.AppStore|x64.Build.0 = Release|x64
		{0BF6ADC4-F3E3-4D13-B3DE-71BA74FF4B68}.AppStore|x64.Deploy.0 = Release|x64
		{0BF6ADC4-F3E3-4D13-B3DE-71BA74FF4B68}.AppStore|x86.ActiveCfg = Release|x86
		{0BF6ADC4-F3E3-4D13-B3DE-71BA74FF4B68}.AppStore|x86.Build.0 = Release|x86
		{0BF6ADC4-F3E3-4D13-B3DE-71BA74FF4B68}.AppStore|x86.Deploy.0 = Release|x86
		{0BF6ADC4-F3E3-4D13-B3DE-71BA74FF4B68}.Debug|Any CPU.ActiveCfg = Debug|x86
		{0BF6ADC4-F3E3-4D13-B3DE-71BA74FF4B68}.Debug|ARM.ActiveCfg = Debug|ARM
		{0BF6ADC4-F3E3-4D13-B3DE-71BA74FF4B68}.Debug|ARM.Build.0 = Debug|ARM
		{0BF6ADC4-F3E3-4D13-B3DE-71BA74FF4B68}.Debug|ARM.Deploy.0 = Debug|ARM
		{0BF6ADC4-F3E3-4D13-B3DE-71BA74FF4B68}.Debug|iPhone.ActiveCfg = Debug|x86
		{0BF6ADC4-F3E3-4D13-B3DE-71BA74FF4B68}.Debug|iPhoneSimulator.ActiveCfg = Debug|x86
		{0BF6ADC4-F3E3-4D13-B3DE-71BA74FF4B68}.Debug|x64.ActiveCfg = Debug|x64
		{0BF6ADC4-F3E3-4D13-B3DE-71BA74FF4B68}.Debug|x64.Build.0 = Debug|x64
		{0BF6ADC4-F3E3-4D13-B3DE-71BA74FF4B68}.Debug|x64.Deploy.0 = Debug|x64
		{0BF6ADC4-F3E3-4D13-B3DE-71BA74FF4B68}.Debug|x86.ActiveCfg = Debug|x86
		{0BF6ADC4-F3E3-4D13-B3DE-71BA74FF4B68}.Debug|x86.Build.0 = Debug|x86
		{0BF6ADC4-F3E3-4D13-B3DE-71BA74FF4B68}.Debug|x86.Deploy.0 = Debug|x86
		{0BF6ADC4-F3E3-4D13-B3DE-71BA74FF4B68}.Release|Any CPU.ActiveCfg = Release|x86
		{0BF6ADC4-F3E3-4D13-B3DE-71BA74FF4B68}.Release|ARM.ActiveCfg = Release|ARM
		{0BF6ADC4-F3E3-4D13-B3DE-71BA74FF4B68}.Release|ARM.Build.0 = Release|ARM
		{0BF6ADC4-F3E3-4D13-B3DE-71BA74FF4B68}.Release|ARM.Deploy.0 = Release|ARM
		{0BF6ADC4-F3E3-4D13-B3DE-71BA74FF4B68}.Release|iPhone.ActiveCfg = Release|x86
		{0BF6ADC4-F3E3-4D13-B3DE-71BA74FF4B68}.Release|iPhoneSimulator.ActiveCfg = Release|x86
		{0BF6ADC4-F3E3-4D13-B3DE-71BA74FF4B68}.Release|x64.ActiveCfg = Release|x64
		{0BF6ADC4-F3E3-4D13-B3DE-71BA74FF4B68}.Release|x64.Build.0 = Release|x64
		{0BF6ADC4-F3E3-4D13-B3DE-71BA74FF4B68}.Release|x64.Deploy.0 = Release|x64
		{0BF6ADC4-F3E3-4D13-B3DE-71BA74FF4B68}.Release|x86.ActiveCfg = Release|x86
		{0BF6ADC4-F3E3-4D13-B3DE-71BA74FF4B68}.Release|x86.Build.0 = Release|x86
		{0BF6ADC4-F3E3-4D13-B3DE-71BA74FF4B68}.Release|x86.Deploy.0 = Release|x86
	EndGlobalSection
	GlobalSection(SolutionProperties) = preSolution
		HideSolutionNode = FALSE
	EndGlobalSection
	GlobalSection(ExtensibilityGlobals) = postSolution
		SolutionGuid = {0BE8B99A-3B5A-4150-9406-77290D72F346}
	EndGlobalSection
EndGlobal
