
Microsoft Visual Studio Solution File, Format Version 12.00
# Visual Studio 15
VisualStudioVersion = 15.0.28010.2050
MinimumVisualStudioVersion = 10.0.40219.1
Project("{FAE04EC0-301F-11D3-BF4B-00C04F79EFBC}") = "Boggle.Shared", "Boggle.Shared\Boggle.Shared.csproj", "{949A1626-9A88-446B-A50E-A875BDD955B8}"
EndProject
Project("{FAE04EC0-301F-11D3-BF4B-00C04F79EFBC}") = "Boggle.Xamarin.Android", "Boggle.Xamarin\Boggle.Xamarin.Android\Boggle.Xamarin.Android.csproj", "{56BEAF40-BCE5-46E0-8C89-357D466F6BAB}"
EndProject
Project("{FAE04EC0-301F-11D3-BF4B-00C04F79EFBC}") = "Boggle.Xamarin.iOS", "Boggle.Xamarin\Boggle.Xamarin.iOS\Boggle.Xamarin.iOS.csproj", "{F12A0C48-372F-44FA-B59E-5067CEE3DA78}"
EndProject
Project("{FAE04EC0-301F-11D3-BF4B-00C04F79EFBC}") = "Boggle.Xamarin.UWP", "Boggle.Xamarin\Boggle.Xamarin.UWP\Boggle.Xamarin.UWP.csproj", "{9C51B401-CF44-4E01-9E48-FB839E7C9EFA}"
EndProject
Project("{FAE04EC0-301F-11D3-BF4B-00C04F79EFBC}") = "Boggle.Xamarin", "Boggle.Xamarin\Boggle.Xamarin\Boggle.Xamarin.csproj", "{74136F7D-FC73-414A-A2E7-E9826845F06F}"
EndProject
Project("{FAE04EC0-301F-11D3-BF4B-00C04F79EFBC}") = "Boggle.WPF", "Boggle.WPF\Boggle.WPF.csproj", "{99567D72-EAC9-44D1-AB27-75A2459F87C0}"
EndProject
Project("{FAE04EC0-301F-11D3-BF4B-00C04F79EFBC}") = "Boggle.Ooui", "Boggle.Ooui\Boggle.Ooui.csproj", "{D07C21CE-321C-469E-9EC8-A1D4A5934481}"
EndProject
Project("{FAE04EC0-301F-11D3-BF4B-00C04F79EFBC}") = "Boggle.Avalonia", "Boggle.Avalonia\Boggle.Avalonia.csproj", "{96CC72DF-3763-44CF-9EB4-43913CDEDD2F}"
EndProject
Global
	GlobalSection(SolutionConfigurationPlatforms) = preSolution
		Ad-Hoc|Any CPU = Ad-Hoc|Any CPU
		Ad-Hoc|ARM = Ad-Hoc|ARM
		Ad-Hoc|iPhone = Ad-Hoc|iPhone
		Ad-Hoc|iPhoneSimulator = Ad-Hoc|iPhoneSimulator
		Ad-Hoc|x64 = Ad-Hoc|x64
		Ad-Hoc|x86 = Ad-Hoc|x86
		AppStore|Any CPU = AppStore|Any CPU
		AppStore|ARM = AppStore|ARM
		AppStore|iPhone = AppStore|iPhone
		AppStore|iPhoneSimulator = AppStore|iPhoneSimulator
		AppStore|x64 = AppStore|x64
		AppStore|x86 = AppStore|x86
		Debug|Any CPU = Debug|Any CPU
		Debug|ARM = Debug|ARM
		Debug|iPhone = Debug|iPhone
		Debug|iPhoneSimulator = Debug|iPhoneSimulator
		Debug|x64 = Debug|x64
		Debug|x86 = Debug|x86
		Release|Any CPU = Release|Any CPU
		Release|ARM = Release|ARM
		Release|iPhone = Release|iPhone
		Release|iPhoneSimulator = Release|iPhoneSimulator
		Release|x64 = Release|x64
		Release|x86 = Release|x86
	EndGlobalSection
	GlobalSection(ProjectConfigurationPlatforms) = postSolution
		{949A1626-9A88-446B-A50E-A875BDD955B8}.Ad-Hoc|Any CPU.ActiveCfg = Debug|Any CPU
		{949A1626-9A88-446B-A50E-A875BDD955B8}.Ad-Hoc|Any CPU.Build.0 = Debug|Any CPU
		{949A1626-9A88-446B-A50E-A875BDD955B8}.Ad-Hoc|ARM.ActiveCfg = Debug|Any CPU
		{949A1626-9A88-446B-A50E-A875BDD955B8}.Ad-Hoc|ARM.Build.0 = Debug|Any CPU
		{949A1626-9A88-446B-A50E-A875BDD955B8}.Ad-Hoc|iPhone.ActiveCfg = Debug|Any CPU
		{949A1626-9A88-446B-A50E-A875BDD955B8}.Ad-Hoc|iPhone.Build.0 = Debug|Any CPU
		{949A1626-9A88-446B-A50E-A875BDD955B8}.Ad-Hoc|iPhoneSimulator.ActiveCfg = Debug|Any CPU
		{949A1626-9A88-446B-A50E-A875BDD955B8}.Ad-Hoc|iPhoneSimulator.Build.0 = Debug|Any CPU
		{949A1626-9A88-446B-A50E-A875BDD955B8}.Ad-Hoc|x64.ActiveCfg = Debug|Any CPU
		{949A1626-9A88-446B-A50E-A875BDD955B8}.Ad-Hoc|x64.Build.0 = Debug|Any CPU
		{949A1626-9A88-446B-A50E-A875BDD955B8}.Ad-Hoc|x86.ActiveCfg = Debug|Any CPU
		{949A1626-9A88-446B-A50E-A875BDD955B8}.Ad-Hoc|x86.Build.0 = Debug|Any CPU
		{949A1626-9A88-446B-A50E-A875BDD955B8}.AppStore|Any CPU.ActiveCfg = Debug|Any CPU
		{949A1626-9A88-446B-A50E-A875BDD955B8}.AppStore|Any CPU.Build.0 = Debug|Any CPU
		{949A1626-9A88-446B-A50E-A875BDD955B8}.AppStore|ARM.ActiveCfg = Debug|Any CPU
		{949A1626-9A88-446B-A50E-A875BDD955B8}.AppStore|ARM.Build.0 = Debug|Any CPU
		{949A1626-9A88-446B-A50E-A875BDD955B8}.AppStore|iPhone.ActiveCfg = Debug|Any CPU
		{949A1626-9A88-446B-A50E-A875BDD955B8}.AppStore|iPhone.Build.0 = Debug|Any CPU
		{949A1626-9A88-446B-A50E-A875BDD955B8}.AppStore|iPhoneSimulator.ActiveCfg = Debug|Any CPU
		{949A1626-9A88-446B-A50E-A875BDD955B8}.AppStore|iPhoneSimulator.Build.0 = Debug|Any CPU
		{949A1626-9A88-446B-A50E-A875BDD955B8}.AppStore|x64.ActiveCfg = Debug|Any CPU
		{949A1626-9A88-446B-A50E-A875BDD955B8}.AppStore|x64.Build.0 = Debug|Any CPU
		{949A1626-9A88-446B-A50E-A875BDD955B8}.AppStore|x86.ActiveCfg = Debug|Any CPU
		{949A1626-9A88-446B-A50E-A875BDD955B8}.AppStore|x86.Build.0 = Debug|Any CPU
		{949A1626-9A88-446B-A50E-A875BDD955B8}.Debug|Any CPU.ActiveCfg = Debug|Any CPU
		{949A1626-9A88-446B-A50E-A875BDD955B8}.Debug|Any CPU.Build.0 = Debug|Any CPU
		{949A1626-9A88-446B-A50E-A875BDD955B8}.Debug|ARM.ActiveCfg = Debug|Any CPU
		{949A1626-9A88-446B-A50E-A875BDD955B8}.Debug|ARM.Build.0 = Debug|Any CPU
		{949A1626-9A88-446B-A50E-A875BDD955B8}.Debug|iPhone.ActiveCfg = Debug|Any CPU
		{949A1626-9A88-446B-A50E-A875BDD955B8}.Debug|iPhone.Build.0 = Debug|Any CPU
		{949A1626-9A88-446B-A50E-A875BDD955B8}.Debug|iPhoneSimulator.ActiveCfg = Debug|Any CPU
		{949A1626-9A88-446B-A50E-A875BDD955B8}.Debug|iPhoneSimulator.Build.0 = Debug|Any CPU
		{949A1626-9A88-446B-A50E-A875BDD955B8}.Debug|x64.ActiveCfg = Debug|Any CPU
		{949A1626-9A88-446B-A50E-A875BDD955B8}.Debug|x64.Build.0 = Debug|Any CPU
		{949A1626-9A88-446B-A50E-A875BDD955B8}.Debug|x86.ActiveCfg = Debug|Any CPU
		{949A1626-9A88-446B-A50E-A875BDD955B8}.Debug|x86.Build.0 = Debug|Any CPU
		{949A1626-9A88-446B-A50E-A875BDD955B8}.Release|Any CPU.ActiveCfg = Release|Any CPU
		{949A1626-9A88-446B-A50E-A875BDD955B8}.Release|Any CPU.Build.0 = Release|Any CPU
		{949A1626-9A88-446B-A50E-A875BDD955B8}.Release|ARM.ActiveCfg = Release|Any CPU
		{949A1626-9A88-446B-A50E-A875BDD955B8}.Release|ARM.Build.0 = Release|Any CPU
		{949A1626-9A88-446B-A50E-A875BDD955B8}.Release|iPhone.ActiveCfg = Release|Any CPU
		{949A1626-9A88-446B-A50E-A875BDD955B8}.Release|iPhone.Build.0 = Release|Any CPU
		{949A1626-9A88-446B-A50E-A875BDD955B8}.Release|iPhoneSimulator.ActiveCfg = Release|Any CPU
		{949A1626-9A88-446B-A50E-A875BDD955B8}.Release|iPhoneSimulator.Build.0 = Release|Any CPU
		{949A1626-9A88-446B-A50E-A875BDD955B8}.Release|x64.ActiveCfg = Release|Any CPU
		{949A1626-9A88-446B-A50E-A875BDD955B8}.Release|x64.Build.0 = Release|Any CPU
		{949A1626-9A88-446B-A50E-A875BDD955B8}.Release|x86.ActiveCfg = Release|Any CPU
		{949A1626-9A88-446B-A50E-A875BDD955B8}.Release|x86.Build.0 = Release|Any CPU
		{56BEAF40-BCE5-46E0-8C89-357D466F6BAB}.Ad-Hoc|Any CPU.ActiveCfg = Release|Any CPU
		{56BEAF40-BCE5-46E0-8C89-357D466F6BAB}.Ad-Hoc|Any CPU.Build.0 = Release|Any CPU
		{56BEAF40-BCE5-46E0-8C89-357D466F6BAB}.Ad-Hoc|Any CPU.Deploy.0 = Release|Any CPU
		{56BEAF40-BCE5-46E0-8C89-357D466F6BAB}.Ad-Hoc|ARM.ActiveCfg = Release|Any CPU
		{56BEAF40-BCE5-46E0-8C89-357D466F6BAB}.Ad-Hoc|ARM.Build.0 = Release|Any CPU
		{56BEAF40-BCE5-46E0-8C89-357D466F6BAB}.Ad-Hoc|ARM.Deploy.0 = Release|Any CPU
		{56BEAF40-BCE5-46E0-8C89-357D466F6BAB}.Ad-Hoc|iPhone.ActiveCfg = Release|Any CPU
		{56BEAF40-BCE5-46E0-8C89-357D466F6BAB}.Ad-Hoc|iPhone.Build.0 = Release|Any CPU
		{56BEAF40-BCE5-46E0-8C89-357D466F6BAB}.Ad-Hoc|iPhone.Deploy.0 = Release|Any CPU
		{56BEAF40-BCE5-46E0-8C89-357D466F6BAB}.Ad-Hoc|iPhoneSimulator.ActiveCfg = Release|Any CPU
		{56BEAF40-BCE5-46E0-8C89-357D466F6BAB}.Ad-Hoc|iPhoneSimulator.Build.0 = Release|Any CPU
		{56BEAF40-BCE5-46E0-8C89-357D466F6BAB}.Ad-Hoc|iPhoneSimulator.Deploy.0 = Release|Any CPU
		{56BEAF40-BCE5-46E0-8C89-357D466F6BAB}.Ad-Hoc|x64.ActiveCfg = Release|Any CPU
		{56BEAF40-BCE5-46E0-8C89-357D466F6BAB}.Ad-Hoc|x64.Build.0 = Release|Any CPU
		{56BEAF40-BCE5-46E0-8C89-357D466F6BAB}.Ad-Hoc|x64.Deploy.0 = Release|Any CPU
		{56BEAF40-BCE5-46E0-8C89-357D466F6BAB}.Ad-Hoc|x86.ActiveCfg = Release|Any CPU
		{56BEAF40-BCE5-46E0-8C89-357D466F6BAB}.Ad-Hoc|x86.Build.0 = Release|Any CPU
		{56BEAF40-BCE5-46E0-8C89-357D466F6BAB}.Ad-Hoc|x86.Deploy.0 = Release|Any CPU
		{56BEAF40-BCE5-46E0-8C89-357D466F6BAB}.AppStore|Any CPU.ActiveCfg = Release|Any CPU
		{56BEAF40-BCE5-46E0-8C89-357D466F6BAB}.AppStore|Any CPU.Build.0 = Release|Any CPU
		{56BEAF40-BCE5-46E0-8C89-357D466F6BAB}.AppStore|Any CPU.Deploy.0 = Release|Any CPU
		{56BEAF40-BCE5-46E0-8C89-357D466F6BAB}.AppStore|ARM.ActiveCfg = Release|Any CPU
		{56BEAF40-BCE5-46E0-8C89-357D466F6BAB}.AppStore|ARM.Build.0 = Release|Any CPU
		{56BEAF40-BCE5-46E0-8C89-357D466F6BAB}.AppStore|ARM.Deploy.0 = Release|Any CPU
		{56BEAF40-BCE5-46E0-8C89-357D466F6BAB}.AppStore|iPhone.ActiveCfg = Release|Any CPU
		{56BEAF40-BCE5-46E0-8C89-357D466F6BAB}.AppStore|iPhone.Build.0 = Release|Any CPU
		{56BEAF40-BCE5-46E0-8C89-357D466F6BAB}.AppStore|iPhone.Deploy.0 = Release|Any CPU
		{56BEAF40-BCE5-46E0-8C89-357D466F6BAB}.AppStore|iPhoneSimulator.ActiveCfg = Release|Any CPU
		{56BEAF40-BCE5-46E0-8C89-357D466F6BAB}.AppStore|iPhoneSimulator.Build.0 = Release|Any CPU
		{56BEAF40-BCE5-46E0-8C89-357D466F6BAB}.AppStore|iPhoneSimulator.Deploy.0 = Release|Any CPU
		{56BEAF40-BCE5-46E0-8C89-357D466F6BAB}.AppStore|x64.ActiveCfg = Release|Any CPU
		{56BEAF40-BCE5-46E0-8C89-357D466F6BAB}.AppStore|x64.Build.0 = Release|Any CPU
		{56BEAF40-BCE5-46E0-8C89-357D466F6BAB}.AppStore|x64.Deploy.0 = Release|Any CPU
		{56BEAF40-BCE5-46E0-8C89-357D466F6BAB}.AppStore|x86.ActiveCfg = Release|Any CPU
		{56BEAF40-BCE5-46E0-8C89-357D466F6BAB}.AppStore|x86.Build.0 = Release|Any CPU
		{56BEAF40-BCE5-46E0-8C89-357D466F6BAB}.AppStore|x86.Deploy.0 = Release|Any CPU
		{56BEAF40-BCE5-46E0-8C89-357D466F6BAB}.Debug|Any CPU.ActiveCfg = Debug|Any CPU
		{56BEAF40-BCE5-46E0-8C89-357D466F6BAB}.Debug|Any CPU.Build.0 = Debug|Any CPU
		{56BEAF40-BCE5-46E0-8C89-357D466F6BAB}.Debug|Any CPU.Deploy.0 = Debug|Any CPU
		{56BEAF40-BCE5-46E0-8C89-357D466F6BAB}.Debug|ARM.ActiveCfg = Debug|Any CPU
		{56BEAF40-BCE5-46E0-8C89-357D466F6BAB}.Debug|ARM.Build.0 = Debug|Any CPU
		{56BEAF40-BCE5-46E0-8C89-357D466F6BAB}.Debug|ARM.Deploy.0 = Debug|Any CPU
		{56BEAF40-BCE5-46E0-8C89-357D466F6BAB}.Debug|iPhone.ActiveCfg = Debug|Any CPU
		{56BEAF40-BCE5-46E0-8C89-357D466F6BAB}.Debug|iPhone.Build.0 = Debug|Any CPU
		{56BEAF40-BCE5-46E0-8C89-357D466F6BAB}.Debug|iPhone.Deploy.0 = Debug|Any CPU
		{56BEAF40-BCE5-46E0-8C89-357D466F6BAB}.Debug|iPhoneSimulator.ActiveCfg = Debug|Any CPU
		{56BEAF40-BCE5-46E0-8C89-357D466F6BAB}.Debug|iPhoneSimulator.Build.0 = Debug|Any CPU
		{56BEAF40-BCE5-46E0-8C89-357D466F6BAB}.Debug|iPhoneSimulator.Deploy.0 = Debug|Any CPU
		{56BEAF40-BCE5-46E0-8C89-357D466F6BAB}.Debug|x64.ActiveCfg = Debug|Any CPU
		{56BEAF40-BCE5-46E0-8C89-357D466F6BAB}.Debug|x64.Build.0 = Debug|Any CPU
		{56BEAF40-BCE5-46E0-8C89-357D466F6BAB}.Debug|x64.Deploy.0 = Debug|Any CPU
		{56BEAF40-BCE5-46E0-8C89-357D466F6BAB}.Debug|x86.ActiveCfg = Debug|Any CPU
		{56BEAF40-BCE5-46E0-8C89-357D466F6BAB}.Debug|x86.Build.0 = Debug|Any CPU
		{56BEAF40-BCE5-46E0-8C89-357D466F6BAB}.Debug|x86.Deploy.0 = Debug|Any CPU
		{56BEAF40-BCE5-46E0-8C89-357D466F6BAB}.Release|Any CPU.ActiveCfg = Release|Any CPU
		{56BEAF40-BCE5-46E0-8C89-357D466F6BAB}.Release|Any CPU.Build.0 = Release|Any CPU
		{56BEAF40-BCE5-46E0-8C89-357D466F6BAB}.Release|Any CPU.Deploy.0 = Release|Any CPU
		{56BEAF40-BCE5-46E0-8C89-357D466F6BAB}.Release|ARM.ActiveCfg = Release|Any CPU
		{56BEAF40-BCE5-46E0-8C89-357D466F6BAB}.Release|ARM.Build.0 = Release|Any CPU
		{56BEAF40-BCE5-46E0-8C89-357D466F6BAB}.Release|ARM.Deploy.0 = Release|Any CPU
		{56BEAF40-BCE5-46E0-8C89-357D466F6BAB}.Release|iPhone.ActiveCfg = Release|Any CPU
		{56BEAF40-BCE5-46E0-8C89-357D466F6BAB}.Release|iPhone.Build.0 = Release|Any CPU
		{56BEAF40-BCE5-46E0-8C89-357D466F6BAB}.Release|iPhone.Deploy.0 = Release|Any CPU
		{56BEAF40-BCE5-46E0-8C89-357D466F6BAB}.Release|iPhoneSimulator.ActiveCfg = Release|Any CPU
		{56BEAF40-BCE5-46E0-8C89-357D466F6BAB}.Release|iPhoneSimulator.Build.0 = Release|Any CPU
		{56BEAF40-BCE5-46E0-8C89-357D466F6BAB}.Release|iPhoneSimulator.Deploy.0 = Release|Any CPU
		{56BEAF40-BCE5-46E0-8C89-357D466F6BAB}.Release|x64.ActiveCfg = Release|Any CPU
		{56BEAF40-BCE5-46E0-8C89-357D466F6BAB}.Release|x64.Build.0 = Release|Any CPU
		{56BEAF40-BCE5-46E0-8C89-357D466F6BAB}.Release|x64.Deploy.0 = Release|Any CPU
		{56BEAF40-BCE5-46E0-8C89-357D466F6BAB}.Release|x86.ActiveCfg = Release|Any CPU
		{56BEAF40-BCE5-46E0-8C89-357D466F6BAB}.Release|x86.Build.0 = Release|Any CPU
		{56BEAF40-BCE5-46E0-8C89-357D466F6BAB}.Release|x86.Deploy.0 = Release|Any CPU
		{F12A0C48-372F-44FA-B59E-5067CEE3DA78}.Ad-Hoc|Any CPU.ActiveCfg = Ad-Hoc|iPhone
		{F12A0C48-372F-44FA-B59E-5067CEE3DA78}.Ad-Hoc|ARM.ActiveCfg = Ad-Hoc|iPhone
		{F12A0C48-372F-44FA-B59E-5067CEE3DA78}.Ad-Hoc|iPhone.ActiveCfg = Ad-Hoc|iPhone
		{F12A0C48-372F-44FA-B59E-5067CEE3DA78}.Ad-Hoc|iPhone.Build.0 = Ad-Hoc|iPhone
		{F12A0C48-372F-44FA-B59E-5067CEE3DA78}.Ad-Hoc|iPhoneSimulator.ActiveCfg = Ad-Hoc|iPhoneSimulator
		{F12A0C48-372F-44FA-B59E-5067CEE3DA78}.Ad-Hoc|iPhoneSimulator.Build.0 = Ad-Hoc|iPhoneSimulator
		{F12A0C48-372F-44FA-B59E-5067CEE3DA78}.Ad-Hoc|x64.ActiveCfg = Ad-Hoc|iPhone
		{F12A0C48-372F-44FA-B59E-5067CEE3DA78}.Ad-Hoc|x86.ActiveCfg = Ad-Hoc|iPhone
		{F12A0C48-372F-44FA-B59E-5067CEE3DA78}.AppStore|Any CPU.ActiveCfg = AppStore|iPhone
		{F12A0C48-372F-44FA-B59E-5067CEE3DA78}.AppStore|ARM.ActiveCfg = AppStore|iPhone
		{F12A0C48-372F-44FA-B59E-5067CEE3DA78}.AppStore|iPhone.ActiveCfg = AppStore|iPhone
		{F12A0C48-372F-44FA-B59E-5067CEE3DA78}.AppStore|iPhone.Build.0 = AppStore|iPhone
		{F12A0C48-372F-44FA-B59E-5067CEE3DA78}.AppStore|iPhoneSimulator.ActiveCfg = AppStore|iPhoneSimulator
		{F12A0C48-372F-44FA-B59E-5067CEE3DA78}.AppStore|iPhoneSimulator.Build.0 = AppStore|iPhoneSimulator
		{F12A0C48-372F-44FA-B59E-5067CEE3DA78}.AppStore|x64.ActiveCfg = AppStore|iPhone
		{F12A0C48-372F-44FA-B59E-5067CEE3DA78}.AppStore|x86.ActiveCfg = AppStore|iPhone
		{F12A0C48-372F-44FA-B59E-5067CEE3DA78}.Debug|Any CPU.ActiveCfg = Debug|iPhone
		{F12A0C48-372F-44FA-B59E-5067CEE3DA78}.Debug|ARM.ActiveCfg = Debug|iPhone
		{F12A0C48-372F-44FA-B59E-5067CEE3DA78}.Debug|iPhone.ActiveCfg = Debug|iPhone
		{F12A0C48-372F-44FA-B59E-5067CEE3DA78}.Debug|iPhone.Build.0 = Debug|iPhone
		{F12A0C48-372F-44FA-B59E-5067CEE3DA78}.Debug|iPhoneSimulator.ActiveCfg = Debug|iPhoneSimulator
		{F12A0C48-372F-44FA-B59E-5067CEE3DA78}.Debug|iPhoneSimulator.Build.0 = Debug|iPhoneSimulator
		{F12A0C48-372F-44FA-B59E-5067CEE3DA78}.Debug|x64.ActiveCfg = Debug|iPhone
		{F12A0C48-372F-44FA-B59E-5067CEE3DA78}.Debug|x86.ActiveCfg = Debug|iPhone
		{F12A0C48-372F-44FA-B59E-5067CEE3DA78}.Release|Any CPU.ActiveCfg = Release|iPhone
		{F12A0C48-372F-44FA-B59E-5067CEE3DA78}.Release|ARM.ActiveCfg = Release|iPhone
		{F12A0C48-372F-44FA-B59E-5067CEE3DA78}.Release|iPhone.ActiveCfg = Release|iPhone
		{F12A0C48-372F-44FA-B59E-5067CEE3DA78}.Release|iPhone.Build.0 = Release|iPhone
		{F12A0C48-372F-44FA-B59E-5067CEE3DA78}.Release|iPhoneSimulator.ActiveCfg = Release|iPhoneSimulator
		{F12A0C48-372F-44FA-B59E-5067CEE3DA78}.Release|iPhoneSimulator.Build.0 = Release|iPhoneSimulator
		{F12A0C48-372F-44FA-B59E-5067CEE3DA78}.Release|x64.ActiveCfg = Release|iPhone
		{F12A0C48-372F-44FA-B59E-5067CEE3DA78}.Release|x86.ActiveCfg = Release|iPhone
		{9C51B401-CF44-4E01-9E48-FB839E7C9EFA}.Ad-Hoc|Any CPU.ActiveCfg = Release|x86
		{9C51B401-CF44-4E01-9E48-FB839E7C9EFA}.Ad-Hoc|Any CPU.Build.0 = Release|x86
		{9C51B401-CF44-4E01-9E48-FB839E7C9EFA}.Ad-Hoc|Any CPU.Deploy.0 = Release|x86
		{9C51B401-CF44-4E01-9E48-FB839E7C9EFA}.Ad-Hoc|ARM.ActiveCfg = Release|ARM
		{9C51B401-CF44-4E01-9E48-FB839E7C9EFA}.Ad-Hoc|ARM.Build.0 = Release|ARM
		{9C51B401-CF44-4E01-9E48-FB839E7C9EFA}.Ad-Hoc|ARM.Deploy.0 = Release|ARM
		{9C51B401-CF44-4E01-9E48-FB839E7C9EFA}.Ad-Hoc|iPhone.ActiveCfg = Release|x86
		{9C51B401-CF44-4E01-9E48-FB839E7C9EFA}.Ad-Hoc|iPhone.Build.0 = Release|x86
		{9C51B401-CF44-4E01-9E48-FB839E7C9EFA}.Ad-Hoc|iPhone.Deploy.0 = Release|x86
		{9C51B401-CF44-4E01-9E48-FB839E7C9EFA}.Ad-Hoc|iPhoneSimulator.ActiveCfg = Release|x86
		{9C51B401-CF44-4E01-9E48-FB839E7C9EFA}.Ad-Hoc|iPhoneSimulator.Build.0 = Release|x86
		{9C51B401-CF44-4E01-9E48-FB839E7C9EFA}.Ad-Hoc|iPhoneSimulator.Deploy.0 = Release|x86
		{9C51B401-CF44-4E01-9E48-FB839E7C9EFA}.Ad-Hoc|x64.ActiveCfg = Release|x64
		{9C51B401-CF44-4E01-9E48-FB839E7C9EFA}.Ad-Hoc|x64.Build.0 = Release|x64
		{9C51B401-CF44-4E01-9E48-FB839E7C9EFA}.Ad-Hoc|x64.Deploy.0 = Release|x64
		{9C51B401-CF44-4E01-9E48-FB839E7C9EFA}.Ad-Hoc|x86.ActiveCfg = Release|x86
		{9C51B401-CF44-4E01-9E48-FB839E7C9EFA}.Ad-Hoc|x86.Build.0 = Release|x86
		{9C51B401-CF44-4E01-9E48-FB839E7C9EFA}.Ad-Hoc|x86.Deploy.0 = Release|x86
		{9C51B401-CF44-4E01-9E48-FB839E7C9EFA}.AppStore|Any CPU.ActiveCfg = Release|x86
		{9C51B401-CF44-4E01-9E48-FB839E7C9EFA}.AppStore|Any CPU.Build.0 = Release|x86
		{9C51B401-CF44-4E01-9E48-FB839E7C9EFA}.AppStore|Any CPU.Deploy.0 = Release|x86
		{9C51B401-CF44-4E01-9E48-FB839E7C9EFA}.AppStore|ARM.ActiveCfg = Release|ARM
		{9C51B401-CF44-4E01-9E48-FB839E7C9EFA}.AppStore|ARM.Build.0 = Release|ARM
		{9C51B401-CF44-4E01-9E48-FB839E7C9EFA}.AppStore|ARM.Deploy.0 = Release|ARM
		{9C51B401-CF44-4E01-9E48-FB839E7C9EFA}.AppStore|iPhone.ActiveCfg = Release|x86
		{9C51B401-CF44-4E01-9E48-FB839E7C9EFA}.AppStore|iPhone.Build.0 = Release|x86
		{9C51B401-CF44-4E01-9E48-FB839E7C9EFA}.AppStore|iPhone.Deploy.0 = Release|x86
		{9C51B401-CF44-4E01-9E48-FB839E7C9EFA}.AppStore|iPhoneSimulator.ActiveCfg = Release|x86
		{9C51B401-CF44-4E01-9E48-FB839E7C9EFA}.AppStore|iPhoneSimulator.Build.0 = Release|x86
		{9C51B401-CF44-4E01-9E48-FB839E7C9EFA}.AppStore|iPhoneSimulator.Deploy.0 = Release|x86
		{9C51B401-CF44-4E01-9E48-FB839E7C9EFA}.AppStore|x64.ActiveCfg = Release|x64
		{9C51B401-CF44-4E01-9E48-FB839E7C9EFA}.AppStore|x64.Build.0 = Release|x64
		{9C51B401-CF44-4E01-9E48-FB839E7C9EFA}.AppStore|x64.Deploy.0 = Release|x64
		{9C51B401-CF44-4E01-9E48-FB839E7C9EFA}.AppStore|x86.ActiveCfg = Release|x86
		{9C51B401-CF44-4E01-9E48-FB839E7C9EFA}.AppStore|x86.Build.0 = Release|x86
		{9C51B401-CF44-4E01-9E48-FB839E7C9EFA}.AppStore|x86.Deploy.0 = Release|x86
		{9C51B401-CF44-4E01-9E48-FB839E7C9EFA}.Debug|Any CPU.ActiveCfg = Debug|x86
		{9C51B401-CF44-4E01-9E48-FB839E7C9EFA}.Debug|ARM.ActiveCfg = Debug|ARM
		{9C51B401-CF44-4E01-9E48-FB839E7C9EFA}.Debug|ARM.Build.0 = Debug|ARM
		{9C51B401-CF44-4E01-9E48-FB839E7C9EFA}.Debug|ARM.Deploy.0 = Debug|ARM
		{9C51B401-CF44-4E01-9E48-FB839E7C9EFA}.Debug|iPhone.ActiveCfg = Debug|x86
		{9C51B401-CF44-4E01-9E48-FB839E7C9EFA}.Debug|iPhoneSimulator.ActiveCfg = Debug|x86
		{9C51B401-CF44-4E01-9E48-FB839E7C9EFA}.Debug|x64.ActiveCfg = Debug|x64
		{9C51B401-CF44-4E01-9E48-FB839E7C9EFA}.Debug|x64.Build.0 = Debug|x64
		{9C51B401-CF44-4E01-9E48-FB839E7C9EFA}.Debug|x64.Deploy.0 = Debug|x64
		{9C51B401-CF44-4E01-9E48-FB839E7C9EFA}.Debug|x86.ActiveCfg = Debug|x86
		{9C51B401-CF44-4E01-9E48-FB839E7C9EFA}.Debug|x86.Build.0 = Debug|x86
		{9C51B401-CF44-4E01-9E48-FB839E7C9EFA}.Debug|x86.Deploy.0 = Debug|x86
		{9C51B401-CF44-4E01-9E48-FB839E7C9EFA}.Release|Any CPU.ActiveCfg = Release|x86
		{9C51B401-CF44-4E01-9E48-FB839E7C9EFA}.Release|ARM.ActiveCfg = Release|ARM
		{9C51B401-CF44-4E01-9E48-FB839E7C9EFA}.Release|ARM.Build.0 = Release|ARM
		{9C51B401-CF44-4E01-9E48-FB839E7C9EFA}.Release|ARM.Deploy.0 = Release|ARM
		{9C51B401-CF44-4E01-9E48-FB839E7C9EFA}.Release|iPhone.ActiveCfg = Release|x86
		{9C51B401-CF44-4E01-9E48-FB839E7C9EFA}.Release|iPhoneSimulator.ActiveCfg = Release|x86
		{9C51B401-CF44-4E01-9E48-FB839E7C9EFA}.Release|x64.ActiveCfg = Release|x64
		{9C51B401-CF44-4E01-9E48-FB839E7C9EFA}.Release|x64.Build.0 = Release|x64
		{9C51B401-CF44-4E01-9E48-FB839E7C9EFA}.Release|x64.Deploy.0 = Release|x64
		{9C51B401-CF44-4E01-9E48-FB839E7C9EFA}.Release|x86.ActiveCfg = Release|x86
		{9C51B401-CF44-4E01-9E48-FB839E7C9EFA}.Release|x86.Build.0 = Release|x86
		{9C51B401-CF44-4E01-9E48-FB839E7C9EFA}.Release|x86.Deploy.0 = Release|x86
		{74136F7D-FC73-414A-A2E7-E9826845F06F}.Ad-Hoc|Any CPU.ActiveCfg = Debug|Any CPU
		{74136F7D-FC73-414A-A2E7-E9826845F06F}.Ad-Hoc|Any CPU.Build.0 = Debug|Any CPU
		{74136F7D-FC73-414A-A2E7-E9826845F06F}.Ad-Hoc|ARM.ActiveCfg = Debug|Any CPU
		{74136F7D-FC73-414A-A2E7-E9826845F06F}.Ad-Hoc|ARM.Build.0 = Debug|Any CPU
		{74136F7D-FC73-414A-A2E7-E9826845F06F}.Ad-Hoc|iPhone.ActiveCfg = Debug|Any CPU
		{74136F7D-FC73-414A-A2E7-E9826845F06F}.Ad-Hoc|iPhone.Build.0 = Debug|Any CPU
		{74136F7D-FC73-414A-A2E7-E9826845F06F}.Ad-Hoc|iPhoneSimulator.ActiveCfg = Debug|Any CPU
		{74136F7D-FC73-414A-A2E7-E9826845F06F}.Ad-Hoc|iPhoneSimulator.Build.0 = Debug|Any CPU
		{74136F7D-FC73-414A-A2E7-E9826845F06F}.Ad-Hoc|x64.ActiveCfg = Debug|Any CPU
		{74136F7D-FC73-414A-A2E7-E9826845F06F}.Ad-Hoc|x64.Build.0 = Debug|Any CPU
		{74136F7D-FC73-414A-A2E7-E9826845F06F}.Ad-Hoc|x86.ActiveCfg = Debug|Any CPU
		{74136F7D-FC73-414A-A2E7-E9826845F06F}.Ad-Hoc|x86.Build.0 = Debug|Any CPU
		{74136F7D-FC73-414A-A2E7-E9826845F06F}.AppStore|Any CPU.ActiveCfg = Debug|Any CPU
		{74136F7D-FC73-414A-A2E7-E9826845F06F}.AppStore|Any CPU.Build.0 = Debug|Any CPU
		{74136F7D-FC73-414A-A2E7-E9826845F06F}.AppStore|ARM.ActiveCfg = Debug|Any CPU
		{74136F7D-FC73-414A-A2E7-E9826845F06F}.AppStore|ARM.Build.0 = Debug|Any CPU
		{74136F7D-FC73-414A-A2E7-E9826845F06F}.AppStore|iPhone.ActiveCfg = Debug|Any CPU
		{74136F7D-FC73-414A-A2E7-E9826845F06F}.AppStore|iPhone.Build.0 = Debug|Any CPU
		{74136F7D-FC73-414A-A2E7-E9826845F06F}.AppStore|iPhoneSimulator.ActiveCfg = Debug|Any CPU
		{74136F7D-FC73-414A-A2E7-E9826845F06F}.AppStore|iPhoneSimulator.Build.0 = Debug|Any CPU
		{74136F7D-FC73-414A-A2E7-E9826845F06F}.AppStore|x64.ActiveCfg = Debug|Any CPU
		{74136F7D-FC73-414A-A2E7-E9826845F06F}.AppStore|x64.Build.0 = Debug|Any CPU
		{74136F7D-FC73-414A-A2E7-E9826845F06F}.AppStore|x86.ActiveCfg = Debug|Any CPU
		{74136F7D-FC73-414A-A2E7-E9826845F06F}.AppStore|x86.Build.0 = Debug|Any CPU
		{74136F7D-FC73-414A-A2E7-E9826845F06F}.Debug|Any CPU.ActiveCfg = Debug|Any CPU
		{74136F7D-FC73-414A-A2E7-E9826845F06F}.Debug|Any CPU.Build.0 = Debug|Any CPU
		{74136F7D-FC73-414A-A2E7-E9826845F06F}.Debug|ARM.ActiveCfg = Debug|Any CPU
		{74136F7D-FC73-414A-A2E7-E9826845F06F}.Debug|ARM.Build.0 = Debug|Any CPU
		{74136F7D-FC73-414A-A2E7-E9826845F06F}.Debug|iPhone.ActiveCfg = Debug|Any CPU
		{74136F7D-FC73-414A-A2E7-E9826845F06F}.Debug|iPhone.Build.0 = Debug|Any CPU
		{74136F7D-FC73-414A-A2E7-E9826845F06F}.Debug|iPhoneSimulator.ActiveCfg = Debug|Any CPU
		{74136F7D-FC73-414A-A2E7-E9826845F06F}.Debug|iPhoneSimulator.Build.0 = Debug|Any CPU
		{74136F7D-FC73-414A-A2E7-E9826845F06F}.Debug|x64.ActiveCfg = Debug|Any CPU
		{74136F7D-FC73-414A-A2E7-E9826845F06F}.Debug|x64.Build.0 = Debug|Any CPU
		{74136F7D-FC73-414A-A2E7-E9826845F06F}.Debug|x86.ActiveCfg = Debug|Any CPU
		{74136F7D-FC73-414A-A2E7-E9826845F06F}.Debug|x86.Build.0 = Debug|Any CPU
		{74136F7D-FC73-414A-A2E7-E9826845F06F}.Release|Any CPU.ActiveCfg = Release|Any CPU
		{74136F7D-FC73-414A-A2E7-E9826845F06F}.Release|Any CPU.Build.0 = Release|Any CPU
		{74136F7D-FC73-414A-A2E7-E9826845F06F}.Release|ARM.ActiveCfg = Release|Any CPU
		{74136F7D-FC73-414A-A2E7-E9826845F06F}.Release|ARM.Build.0 = Release|Any CPU
		{74136F7D-FC73-414A-A2E7-E9826845F06F}.Release|iPhone.ActiveCfg = Release|Any CPU
		{74136F7D-FC73-414A-A2E7-E9826845F06F}.Release|iPhone.Build.0 = Release|Any CPU
		{74136F7D-FC73-414A-A2E7-E9826845F06F}.Release|iPhoneSimulator.ActiveCfg = Release|Any CPU
		{74136F7D-FC73-414A-A2E7-E9826845F06F}.Release|iPhoneSimulator.Build.0 = Release|Any CPU
		{74136F7D-FC73-414A-A2E7-E9826845F06F}.Release|x64.ActiveCfg = Release|Any CPU
		{74136F7D-FC73-414A-A2E7-E9826845F06F}.Release|x64.Build.0 = Release|Any CPU
		{74136F7D-FC73-414A-A2E7-E9826845F06F}.Release|x86.ActiveCfg = Release|Any CPU
		{74136F7D-FC73-414A-A2E7-E9826845F06F}.Release|x86.Build.0 = Release|Any CPU
		{99567D72-EAC9-44D1-AB27-75A2459F87C0}.Ad-Hoc|Any CPU.ActiveCfg = Release|Any CPU
		{99567D72-EAC9-44D1-AB27-75A2459F87C0}.Ad-Hoc|Any CPU.Build.0 = Release|Any CPU
		{99567D72-EAC9-44D1-AB27-75A2459F87C0}.Ad-Hoc|ARM.ActiveCfg = Release|Any CPU
		{99567D72-EAC9-44D1-AB27-75A2459F87C0}.Ad-Hoc|ARM.Build.0 = Release|Any CPU
		{99567D72-EAC9-44D1-AB27-75A2459F87C0}.Ad-Hoc|iPhone.ActiveCfg = Release|Any CPU
		{99567D72-EAC9-44D1-AB27-75A2459F87C0}.Ad-Hoc|iPhone.Build.0 = Release|Any CPU
		{99567D72-EAC9-44D1-AB27-75A2459F87C0}.Ad-Hoc|iPhoneSimulator.ActiveCfg = Release|Any CPU
		{99567D72-EAC9-44D1-AB27-75A2459F87C0}.Ad-Hoc|iPhoneSimulator.Build.0 = Release|Any CPU
		{99567D72-EAC9-44D1-AB27-75A2459F87C0}.Ad-Hoc|x64.ActiveCfg = Release|Any CPU
		{99567D72-EAC9-44D1-AB27-75A2459F87C0}.Ad-Hoc|x64.Build.0 = Release|Any CPU
		{99567D72-EAC9-44D1-AB27-75A2459F87C0}.Ad-Hoc|x86.ActiveCfg = Release|Any CPU
		{99567D72-EAC9-44D1-AB27-75A2459F87C0}.Ad-Hoc|x86.Build.0 = Release|Any CPU
		{99567D72-EAC9-44D1-AB27-75A2459F87C0}.AppStore|Any CPU.ActiveCfg = Release|Any CPU
		{99567D72-EAC9-44D1-AB27-75A2459F87C0}.AppStore|Any CPU.Build.0 = Release|Any CPU
		{99567D72-EAC9-44D1-AB27-75A2459F87C0}.AppStore|ARM.ActiveCfg = Release|Any CPU
		{99567D72-EAC9-44D1-AB27-75A2459F87C0}.AppStore|ARM.Build.0 = Release|Any CPU
		{99567D72-EAC9-44D1-AB27-75A2459F87C0}.AppStore|iPhone.ActiveCfg = Release|Any CPU
		{99567D72-EAC9-44D1-AB27-75A2459F87C0}.AppStore|iPhone.Build.0 = Release|Any CPU
		{99567D72-EAC9-44D1-AB27-75A2459F87C0}.AppStore|iPhoneSimulator.ActiveCfg = Release|Any CPU
		{99567D72-EAC9-44D1-AB27-75A2459F87C0}.AppStore|iPhoneSimulator.Build.0 = Release|Any CPU
		{99567D72-EAC9-44D1-AB27-75A2459F87C0}.AppStore|x64.ActiveCfg = Release|Any CPU
		{99567D72-EAC9-44D1-AB27-75A2459F87C0}.AppStore|x64.Build.0 = Release|Any CPU
		{99567D72-EAC9-44D1-AB27-75A2459F87C0}.AppStore|x86.ActiveCfg = Release|Any CPU
		{99567D72-EAC9-44D1-AB27-75A2459F87C0}.AppStore|x86.Build.0 = Release|Any CPU
		{99567D72-EAC9-44D1-AB27-75A2459F87C0}.Debug|Any CPU.ActiveCfg = Debug|Any CPU
		{99567D72-EAC9-44D1-AB27-75A2459F87C0}.Debug|Any CPU.Build.0 = Debug|Any CPU
		{99567D72-EAC9-44D1-AB27-75A2459F87C0}.Debug|ARM.ActiveCfg = Debug|Any CPU
		{99567D72-EAC9-44D1-AB27-75A2459F87C0}.Debug|ARM.Build.0 = Debug|Any CPU
		{99567D72-EAC9-44D1-AB27-75A2459F87C0}.Debug|iPhone.ActiveCfg = Debug|Any CPU
		{99567D72-EAC9-44D1-AB27-75A2459F87C0}.Debug|iPhone.Build.0 = Debug|Any CPU
		{99567D72-EAC9-44D1-AB27-75A2459F87C0}.Debug|iPhoneSimulator.ActiveCfg = Debug|Any CPU
		{99567D72-EAC9-44D1-AB27-75A2459F87C0}.Debug|iPhoneSimulator.Build.0 = Debug|Any CPU
		{99567D72-EAC9-44D1-AB27-75A2459F87C0}.Debug|x64.ActiveCfg = Debug|Any CPU
		{99567D72-EAC9-44D1-AB27-75A2459F87C0}.Debug|x64.Build.0 = Debug|Any CPU
		{99567D72-EAC9-44D1-AB27-75A2459F87C0}.Debug|x86.ActiveCfg = Debug|Any CPU
		{99567D72-EAC9-44D1-AB27-75A2459F87C0}.Debug|x86.Build.0 = Debug|Any CPU
		{99567D72-EAC9-44D1-AB27-75A2459F87C0}.Release|Any CPU.ActiveCfg = Release|Any CPU
		{99567D72-EAC9-44D1-AB27-75A2459F87C0}.Release|Any CPU.Build.0 = Release|Any CPU
		{99567D72-EAC9-44D1-AB27-75A2459F87C0}.Release|ARM.ActiveCfg = Release|Any CPU
		{99567D72-EAC9-44D1-AB27-75A2459F87C0}.Release|ARM.Build.0 = Release|Any CPU
		{99567D72-EAC9-44D1-AB27-75A2459F87C0}.Release|iPhone.ActiveCfg = Release|Any CPU
		{99567D72-EAC9-44D1-AB27-75A2459F87C0}.Release|iPhone.Build.0 = Release|Any CPU
		{99567D72-EAC9-44D1-AB27-75A2459F87C0}.Release|iPhoneSimulator.ActiveCfg = Release|Any CPU
		{99567D72-EAC9-44D1-AB27-75A2459F87C0}.Release|iPhoneSimulator.Build.0 = Release|Any CPU
		{99567D72-EAC9-44D1-AB27-75A2459F87C0}.Release|x64.ActiveCfg = Release|Any CPU
		{99567D72-EAC9-44D1-AB27-75A2459F87C0}.Release|x64.Build.0 = Release|Any CPU
		{99567D72-EAC9-44D1-AB27-75A2459F87C0}.Release|x86.ActiveCfg = Release|Any CPU
		{99567D72-EAC9-44D1-AB27-75A2459F87C0}.Release|x86.Build.0 = Release|Any CPU
		{D07C21CE-321C-469E-9EC8-A1D4A5934481}.Ad-Hoc|Any CPU.ActiveCfg = Debug|Any CPU
		{D07C21CE-321C-469E-9EC8-A1D4A5934481}.Ad-Hoc|Any CPU.Build.0 = Debug|Any CPU
		{D07C21CE-321C-469E-9EC8-A1D4A5934481}.Ad-Hoc|ARM.ActiveCfg = Debug|Any CPU
		{D07C21CE-321C-469E-9EC8-A1D4A5934481}.Ad-Hoc|ARM.Build.0 = Debug|Any CPU
		{D07C21CE-321C-469E-9EC8-A1D4A5934481}.Ad-Hoc|iPhone.ActiveCfg = Debug|Any CPU
		{D07C21CE-321C-469E-9EC8-A1D4A5934481}.Ad-Hoc|iPhone.Build.0 = Debug|Any CPU
		{D07C21CE-321C-469E-9EC8-A1D4A5934481}.Ad-Hoc|iPhoneSimulator.ActiveCfg = Debug|Any CPU
		{D07C21CE-321C-469E-9EC8-A1D4A5934481}.Ad-Hoc|iPhoneSimulator.Build.0 = Debug|Any CPU
		{D07C21CE-321C-469E-9EC8-A1D4A5934481}.Ad-Hoc|x64.ActiveCfg = Debug|Any CPU
		{D07C21CE-321C-469E-9EC8-A1D4A5934481}.Ad-Hoc|x64.Build.0 = Debug|Any CPU
		{D07C21CE-321C-469E-9EC8-A1D4A5934481}.Ad-Hoc|x86.ActiveCfg = Debug|Any CPU
		{D07C21CE-321C-469E-9EC8-A1D4A5934481}.Ad-Hoc|x86.Build.0 = Debug|Any CPU
		{D07C21CE-321C-469E-9EC8-A1D4A5934481}.AppStore|Any CPU.ActiveCfg = Debug|Any CPU
		{D07C21CE-321C-469E-9EC8-A1D4A5934481}.AppStore|Any CPU.Build.0 = Debug|Any CPU
		{D07C21CE-321C-469E-9EC8-A1D4A5934481}.AppStore|ARM.ActiveCfg = Debug|Any CPU
		{D07C21CE-321C-469E-9EC8-A1D4A5934481}.AppStore|ARM.Build.0 = Debug|Any CPU
		{D07C21CE-321C-469E-9EC8-A1D4A5934481}.AppStore|iPhone.ActiveCfg = Debug|Any CPU
		{D07C21CE-321C-469E-9EC8-A1D4A5934481}.AppStore|iPhone.Build.0 = Debug|Any CPU
		{D07C21CE-321C-469E-9EC8-A1D4A5934481}.AppStore|iPhoneSimulator.ActiveCfg = Debug|Any CPU
		{D07C21CE-321C-469E-9EC8-A1D4A5934481}.AppStore|iPhoneSimulator.Build.0 = Debug|Any CPU
		{D07C21CE-321C-469E-9EC8-A1D4A5934481}.AppStore|x64.ActiveCfg = Debug|Any CPU
		{D07C21CE-321C-469E-9EC8-A1D4A5934481}.AppStore|x64.Build.0 = Debug|Any CPU
		{D07C21CE-321C-469E-9EC8-A1D4A5934481}.AppStore|x86.ActiveCfg = Debug|Any CPU
		{D07C21CE-321C-469E-9EC8-A1D4A5934481}.AppStore|x86.Build.0 = Debug|Any CPU
		{D07C21CE-321C-469E-9EC8-A1D4A5934481}.Debug|Any CPU.ActiveCfg = Debug|Any CPU
		{D07C21CE-321C-469E-9EC8-A1D4A5934481}.Debug|Any CPU.Build.0 = Debug|Any CPU
		{D07C21CE-321C-469E-9EC8-A1D4A5934481}.Debug|ARM.ActiveCfg = Debug|Any CPU
		{D07C21CE-321C-469E-9EC8-A1D4A5934481}.Debug|ARM.Build.0 = Debug|Any CPU
		{D07C21CE-321C-469E-9EC8-A1D4A5934481}.Debug|iPhone.ActiveCfg = Debug|Any CPU
		{D07C21CE-321C-469E-9EC8-A1D4A5934481}.Debug|iPhone.Build.0 = Debug|Any CPU
		{D07C21CE-321C-469E-9EC8-A1D4A5934481}.Debug|iPhoneSimulator.ActiveCfg = Debug|Any CPU
		{D07C21CE-321C-469E-9EC8-A1D4A5934481}.Debug|iPhoneSimulator.Build.0 = Debug|Any CPU
		{D07C21CE-321C-469E-9EC8-A1D4A5934481}.Debug|x64.ActiveCfg = Debug|Any CPU
		{D07C21CE-321C-469E-9EC8-A1D4A5934481}.Debug|x64.Build.0 = Debug|Any CPU
		{D07C21CE-321C-469E-9EC8-A1D4A5934481}.Debug|x86.ActiveCfg = Debug|Any CPU
		{D07C21CE-321C-469E-9EC8-A1D4A5934481}.Debug|x86.Build.0 = Debug|Any CPU
		{D07C21CE-321C-469E-9EC8-A1D4A5934481}.Release|Any CPU.ActiveCfg = Release|Any CPU
		{D07C21CE-321C-469E-9EC8-A1D4A5934481}.Release|Any CPU.Build.0 = Release|Any CPU
		{D07C21CE-321C-469E-9EC8-A1D4A5934481}.Release|ARM.ActiveCfg = Release|Any CPU
		{D07C21CE-321C-469E-9EC8-A1D4A5934481}.Release|ARM.Build.0 = Release|Any CPU
		{D07C21CE-321C-469E-9EC8-A1D4A5934481}.Release|iPhone.ActiveCfg = Release|Any CPU
		{D07C21CE-321C-469E-9EC8-A1D4A5934481}.Release|iPhone.Build.0 = Release|Any CPU
		{D07C21CE-321C-469E-9EC8-A1D4A5934481}.Release|iPhoneSimulator.ActiveCfg = Release|Any CPU
		{D07C21CE-321C-469E-9EC8-A1D4A5934481}.Release|iPhoneSimulator.Build.0 = Release|Any CPU
		{D07C21CE-321C-469E-9EC8-A1D4A5934481}.Release|x64.ActiveCfg = Release|Any CPU
		{D07C21CE-321C-469E-9EC8-A1D4A5934481}.Release|x64.Build.0 = Release|Any CPU
		{D07C21CE-321C-469E-9EC8-A1D4A5934481}.Release|x86.ActiveCfg = Release|Any CPU
		{D07C21CE-321C-469E-9EC8-A1D4A5934481}.Release|x86.Build.0 = Release|Any CPU
		{96CC72DF-3763-44CF-9EB4-43913CDEDD2F}.Ad-Hoc|Any CPU.ActiveCfg = Debug|Any CPU
		{96CC72DF-3763-44CF-9EB4-43913CDEDD2F}.Ad-Hoc|Any CPU.Build.0 = Debug|Any CPU
		{96CC72DF-3763-44CF-9EB4-43913CDEDD2F}.Ad-Hoc|ARM.ActiveCfg = Debug|Any CPU
		{96CC72DF-3763-44CF-9EB4-43913CDEDD2F}.Ad-Hoc|ARM.Build.0 = Debug|Any CPU
		{96CC72DF-3763-44CF-9EB4-43913CDEDD2F}.Ad-Hoc|iPhone.ActiveCfg = Debug|Any CPU
		{96CC72DF-3763-44CF-9EB4-43913CDEDD2F}.Ad-Hoc|iPhone.Build.0 = Debug|Any CPU
		{96CC72DF-3763-44CF-9EB4-43913CDEDD2F}.Ad-Hoc|iPhoneSimulator.ActiveCfg = Debug|Any CPU
		{96CC72DF-3763-44CF-9EB4-43913CDEDD2F}.Ad-Hoc|iPhoneSimulator.Build.0 = Debug|Any CPU
		{96CC72DF-3763-44CF-9EB4-43913CDEDD2F}.Ad-Hoc|x64.ActiveCfg = Debug|Any CPU
		{96CC72DF-3763-44CF-9EB4-43913CDEDD2F}.Ad-Hoc|x64.Build.0 = Debug|Any CPU
		{96CC72DF-3763-44CF-9EB4-43913CDEDD2F}.Ad-Hoc|x86.ActiveCfg = Debug|Any CPU
		{96CC72DF-3763-44CF-9EB4-43913CDEDD2F}.Ad-Hoc|x86.Build.0 = Debug|Any CPU
		{96CC72DF-3763-44CF-9EB4-43913CDEDD2F}.AppStore|Any CPU.ActiveCfg = Debug|Any CPU
		{96CC72DF-3763-44CF-9EB4-43913CDEDD2F}.AppStore|Any CPU.Build.0 = Debug|Any CPU
		{96CC72DF-3763-44CF-9EB4-43913CDEDD2F}.AppStore|ARM.ActiveCfg = Debug|Any CPU
		{96CC72DF-3763-44CF-9EB4-43913CDEDD2F}.AppStore|ARM.Build.0 = Debug|Any CPU
		{96CC72DF-3763-44CF-9EB4-43913CDEDD2F}.AppStore|iPhone.ActiveCfg = Debug|Any CPU
		{96CC72DF-3763-44CF-9EB4-43913CDEDD2F}.AppStore|iPhone.Build.0 = Debug|Any CPU
		{96CC72DF-3763-44CF-9EB4-43913CDEDD2F}.AppStore|iPhoneSimulator.ActiveCfg = Debug|Any CPU
		{96CC72DF-3763-44CF-9EB4-43913CDEDD2F}.AppStore|iPhoneSimulator.Build.0 = Debug|Any CPU
		{96CC72DF-3763-44CF-9EB4-43913CDEDD2F}.AppStore|x64.ActiveCfg = Debug|Any CPU
		{96CC72DF-3763-44CF-9EB4-43913CDEDD2F}.AppStore|x64.Build.0 = Debug|Any CPU
		{96CC72DF-3763-44CF-9EB4-43913CDEDD2F}.AppStore|x86.ActiveCfg = Debug|Any CPU
		{96CC72DF-3763-44CF-9EB4-43913CDEDD2F}.AppStore|x86.Build.0 = Debug|Any CPU
		{96CC72DF-3763-44CF-9EB4-43913CDEDD2F}.Debug|Any CPU.ActiveCfg = Debug|Any CPU
		{96CC72DF-3763-44CF-9EB4-43913CDEDD2F}.Debug|Any CPU.Build.0 = Debug|Any CPU
		{96CC72DF-3763-44CF-9EB4-43913CDEDD2F}.Debug|ARM.ActiveCfg = Debug|Any CPU
		{96CC72DF-3763-44CF-9EB4-43913CDEDD2F}.Debug|ARM.Build.0 = Debug|Any CPU
		{96CC72DF-3763-44CF-9EB4-43913CDEDD2F}.Debug|iPhone.ActiveCfg = Debug|Any CPU
		{96CC72DF-3763-44CF-9EB4-43913CDEDD2F}.Debug|iPhone.Build.0 = Debug|Any CPU
		{96CC72DF-3763-44CF-9EB4-43913CDEDD2F}.Debug|iPhoneSimulator.ActiveCfg = Debug|Any CPU
		{96CC72DF-3763-44CF-9EB4-43913CDEDD2F}.Debug|iPhoneSimulator.Build.0 = Debug|Any CPU
		{96CC72DF-3763-44CF-9EB4-43913CDEDD2F}.Debug|x64.ActiveCfg = Debug|Any CPU
		{96CC72DF-3763-44CF-9EB4-43913CDEDD2F}.Debug|x64.Build.0 = Debug|Any CPU
		{96CC72DF-3763-44CF-9EB4-43913CDEDD2F}.Debug|x86.ActiveCfg = Debug|Any CPU
		{96CC72DF-3763-44CF-9EB4-43913CDEDD2F}.Debug|x86.Build.0 = Debug|Any CPU
		{96CC72DF-3763-44CF-9EB4-43913CDEDD2F}.Release|Any CPU.ActiveCfg = Release|Any CPU
		{96CC72DF-3763-44CF-9EB4-43913CDEDD2F}.Release|Any CPU.Build.0 = Release|Any CPU
		{96CC72DF-3763-44CF-9EB4-43913CDEDD2F}.Release|ARM.ActiveCfg = Release|Any CPU
		{96CC72DF-3763-44CF-9EB4-43913CDEDD2F}.Release|ARM.Build.0 = Release|Any CPU
		{96CC72DF-3763-44CF-9EB4-43913CDEDD2F}.Release|iPhone.ActiveCfg = Release|Any CPU
		{96CC72DF-3763-44CF-9EB4-43913CDEDD2F}.Release|iPhone.Build.0 = Release|Any CPU
		{96CC72DF-3763-44CF-9EB4-43913CDEDD2F}.Release|iPhoneSimulator.ActiveCfg = Release|Any CPU
		{96CC72DF-3763-44CF-9EB4-43913CDEDD2F}.Release|iPhoneSimulator.Build.0 = Release|Any CPU
		{96CC72DF-3763-44CF-9EB4-43913CDEDD2F}.Release|x64.ActiveCfg = Release|Any CPU
		{96CC72DF-3763-44CF-9EB4-43913CDEDD2F}.Release|x64.Build.0 = Release|Any CPU
		{96CC72DF-3763-44CF-9EB4-43913CDEDD2F}.Release|x86.ActiveCfg = Release|Any CPU
		{96CC72DF-3763-44CF-9EB4-43913CDEDD2F}.Release|x86.Build.0 = Release|Any CPU
	EndGlobalSection
	GlobalSection(SolutionProperties) = preSolution
		HideSolutionNode = FALSE
	EndGlobalSection
	GlobalSection(ExtensibilityGlobals) = postSolution
		SolutionGuid = {0BE8B99A-3B5A-4150-9406-77290D72F346}
	EndGlobalSection
EndGlobal
